# This file is automatically @generated by Poetry 2.0.1 and should not be changed by hand.

[[package]]
name = "altgraph"
version = "0.17.5"
description = "Python graph (network) package"
optional = false
python-versions = "*"
groups = ["dev"]
markers = "python_version < \"3.11\""
files = [
    {file = "altgraph-0.17.5-py2.py3-none-any.whl", hash = "sha256:f3a22400bce1b0c701683820ac4f3b159cd301acab067c51c653e06961600597"},
    {file = "altgraph-0.17.5.tar.gz", hash = "sha256:c87b395dd12fabde9c99573a9749d67da8d29ef9de0125c7f536699b4a9bc9e7"},
]

[[package]]
name = "anyio"
version = "4.12.1"
description = "High-level concurrency and networking framework on top of asyncio or Trio"
optional = false
python-versions = ">=3.9"
groups = ["main"]
files = [
    {file = "anyio-4.12.1-py3-none-any.whl", hash = "sha256:d405828884fc140aa80a3c667b8beed277f1dfedec42ba031bd6ac3db606ab6c"},
    {file = "anyio-4.12.1.tar.gz", hash = "sha256:41cfcc3a4c85d3f05c932da7c26d0201ac36f72abd4435ba90d0464a3ffed703"},
]

[package.dependencies]
exceptiongroup = {version = ">=1.0.2", markers = "python_version < \"3.11\""}
idna = ">=2.8"
typing_extensions = {version = ">=4.5", markers = "python_version < \"3.13\""}

[package.extras]
trio = ["trio (>=0.31.0)", "trio (>=0.32.0)"]

[[package]]
name = "black"
version = "24.10.0"
description = "The uncompromising code formatter."
optional = false
python-versions = ">=3.9"
groups = ["dev"]
files = [
    {file = "black-24.10.0-cp310-cp310-macosx_10_9_x86_64.whl", hash = "sha256:e6668650ea4b685440857138e5fe40cde4d652633b1bdffc62933d0db4ed9812"},
    {file = "black-24.10.0-cp310-cp310-macosx_11_0_arm64.whl", hash = "sha256:1c536fcf674217e87b8cc3657b81809d3c085d7bf3ef262ead700da345bfa6ea"},
    {file = "black-24.10.0-cp310-cp310-manylinux_2_17_x86_64.manylinux2014_x86_64.manylinux_2_28_x86_64.whl", hash = "sha256:649fff99a20bd06c6f727d2a27f401331dc0cc861fb69cde910fe95b01b5928f"},
    {file = "black-24.10.0-cp310-cp310-win_amd64.whl", hash = "sha256:fe4d6476887de70546212c99ac9bd803d90b42fc4767f058a0baa895013fbb3e"},
    {file = "black-24.10.0-cp311-cp311-macosx_10_9_x86_64.whl", hash = "sha256:5a2221696a8224e335c28816a9d331a6c2ae15a2ee34ec857dcf3e45dbfa99ad"},
    {file = "black-24.10.0-cp311-cp311-macosx_11_0_arm64.whl", hash = "sha256:f9da3333530dbcecc1be13e69c250ed8dfa67f43c4005fb537bb426e19200d50"},
    {file = "black-24.10.0-cp311-cp311-manylinux_2_17_x86_64.manylinux2014_x86_64.manylinux_2_28_x86_64.whl", hash = "sha256:4007b1393d902b48b36958a216c20c4482f601569d19ed1df294a496eb366392"},
    {file = "black-24.10.0-cp311-cp311-win_amd64.whl", hash = "sha256:394d4ddc64782e51153eadcaaca95144ac4c35e27ef9b0a42e121ae7e57a9175"},
    {file = "black-24.10.0-cp312-cp312-macosx_10_13_x86_64.whl", hash = "sha256:b5e39e0fae001df40f95bd8cc36b9165c5e2ea88900167bddf258bacef9bbdc3"},
    {file = "black-24.10.0-cp312-cp312-macosx_11_0_arm64.whl", hash = "sha256:d37d422772111794b26757c5b55a3eade028aa3fde43121ab7b673d050949d65"},
    {file = "black-24.10.0-cp312-cp312-manylinux_2_17_x86_64.manylinux2014_x86_64.manylinux_2_28_x86_64.whl", hash = "sha256:14b3502784f09ce2443830e3133dacf2c0110d45191ed470ecb04d0f5f6fcb0f"},
    {file = "black-24.10.0-cp312-cp312-win_amd64.whl", hash = "sha256:30d2c30dc5139211dda799758559d1b049f7f14c580c409d6ad925b74a4208a8"},
    {file = "black-24.10.0-cp313-cp313-macosx_10_13_x86_64.whl", hash = "sha256:1cbacacb19e922a1d75ef2b6ccaefcd6e93a2c05ede32f06a21386a04cedb981"},
    {file = "black-24.10.0-cp313-cp313-macosx_11_0_arm64.whl", hash = "sha256:1f93102e0c5bb3907451063e08b9876dbeac810e7da5a8bfb7aeb5a9ef89066b"},
    {file = "black-24.10.0-cp313-cp313-manylinux_2_17_x86_64.manylinux2014_x86_64.manylinux_2_28_x86_64.whl", hash = "sha256:ddacb691cdcdf77b96f549cf9591701d8db36b2f19519373d60d31746068dbf2"},
    {file = "black-24.10.0-cp313-cp313-win_amd64.whl", hash = "sha256:680359d932801c76d2e9c9068d05c6b107f2584b2a5b88831c83962eb9984c1b"},
    {file = "black-24.10.0-cp39-cp39-macosx_10_9_x86_64.whl", hash = "sha256:17374989640fbca88b6a448129cd1745c5eb8d9547b464f281b251dd00155ccd"},
    {file = "black-24.10.0-cp39-cp39-macosx_11_0_arm64.whl", hash = "sha256:63f626344343083322233f175aaf372d326de8436f5928c042639a4afbbf1d3f"},
    {file = "black-24.10.0-cp39-cp39-manylinux_2_17_x86_64.manylinux2014_x86_64.manylinux_2_28_x86_64.whl", hash = "sha256:ccfa1d0cb6200857f1923b602f978386a3a2758a65b52e0950299ea014be6800"},
    {file = "black-24.10.0-cp39-cp39-win_amd64.whl", hash = "sha256:2cd9c95431d94adc56600710f8813ee27eea544dd118d45896bb734e9d7a0dc7"},
    {file = "black-24.10.0-py3-none-any.whl", hash = "sha256:3bb2b7a1f7b685f85b11fed1ef10f8a9148bceb49853e47a294a3dd963c1dd7d"},
    {file = "black-24.10.0.tar.gz", hash = "sha256:846ea64c97afe3bc677b761787993be4991810ecc7a4a937816dd6bddedc4875"},
]

[package.dependencies]
click = ">=8.0.0"
mypy-extensions = ">=0.4.3"
packaging = ">=22.0"
pathspec = ">=0.9.0"
platformdirs = ">=2"
tomli = {version = ">=1.1.0", markers = "python_version < \"3.11\""}
typing-extensions = {version = ">=4.0.1", markers = "python_version < \"3.11\""}

[package.extras]
colorama = ["colorama (>=0.4.3)"]
d = ["aiohttp (>=3.10)"]
jupyter = ["ipython (>=7.8.0)", "tokenize-rt (>=3.2.0)"]
uvloop = ["uvloop (>=0.15.2)"]

[[package]]
name = "certifi"
version = "2026.1.4"
description = "Python package for providing Mozilla's CA Bundle."
optional = false
python-versions = ">=3.7"
groups = ["main"]
files = [
    {file = "certifi-2026.1.4-py3-none-any.whl", hash = "sha256:9943707519e4add1115f44c2bc244f782c0249876bf51b6599fee1ffbedd685c"},
    {file = "certifi-2026.1.4.tar.gz", hash = "sha256:ac726dd470482006e014ad384921ed6438c457018f4b3d204aea4281258b2120"},
]

[[package]]
name = "click"
version = "8.1.8"
description = "Composable command line interface toolkit"
optional = false
python-versions = ">=3.7"
groups = ["dev"]
files = [
    {file = "click-8.1.8-py3-none-any.whl", hash = "sha256:63c132bbbed01578a06712a2d1f497bb62d9c1c0d329b7903a866228027263b2"},
    {file = "click-8.1.8.tar.gz", hash = "sha256:ed53c9d8990d83c2a27deae68e4ee337473f6330c040a31d4225c9574d16096a"},
]

[package.dependencies]
colorama = {version = "*", markers = "platform_system == \"Windows\""}

[[package]]
name = "colorama"
version = "0.4.6"
description = "Cross-platform colored terminal text."
optional = false
python-versions = "!=3.0.*,!=3.1.*,!=3.2.*,!=3.3.*,!=3.4.*,!=3.5.*,!=3.6.*,>=2.7"
groups = ["dev"]
markers = "sys_platform == \"win32\" or platform_system == \"Windows\""
files = [
    {file = "colorama-0.4.6-py2.py3-none-any.whl", hash = "sha256:4f1d9991f5acc0ca119f9d443620b77f9d6b33703e51011c16baf57afb285fc6"},
    {file = "colorama-0.4.6.tar.gz", hash = "sha256:08695f5cb7ed6e0531a20572697297273c47b8cae5a63ffc6d6ed5c201be6e44"},
]

[[package]]
name = "dominate"
version = "2.9.1"
description = "Dominate is a Python library for creating and manipulating HTML documents using an elegant DOM API."
optional = false
python-versions = ">=3.4"
groups = ["main"]
files = [
    {file = "dominate-2.9.1-py2.py3-none-any.whl", hash = "sha256:cb7b6b79d33b15ae0a6e87856b984879927c7c2ebb29522df4c75b28ffd9b989"},
    {file = "dominate-2.9.1.tar.gz", hash = "sha256:558284687d9b8aae1904e3d6051ad132dd4a8c0cf551b37ea4e7e42a31d19dc4"},
]

[[package]]
name = "exceptiongroup"
version = "1.3.1"
description = "Backport of PEP 654 (exception groups)"
optional = false
python-versions = ">=3.7"
groups = ["main", "dev"]
markers = "python_version < \"3.11\""
files = [
    {file = "exceptiongroup-1.3.1-py3-none-any.whl", hash = "sha256:a7a39a3bd276781e98394987d3a5701d0c4edffb633bb7a5144577f82c773598"},
    {file = "exceptiongroup-1.3.1.tar.gz", hash = "sha256:8b412432c6055b0b7d14c310000ae93352ed6754f70fa8f7c34141f91c4e3219"},
]

[package.dependencies]
typing-extensions = {version = ">=4.6.0", markers = "python_version < \"3.13\""}

[package.extras]
test = ["pytest (>=6)"]

[[package]]
name = "flake8"
version = "4.0.1"
description = "the modular source code checker: pep8 pyflakes and co"
optional = false
python-versions = ">=3.6"
groups = ["dev"]
files = [
    {file = "flake8-4.0.1-py2.py3-none-any.whl", hash = "sha256:479b1304f72536a55948cb40a32dce8bb0ffe3501e26eaf292c7e60eb5e0428d"},
    {file = "flake8-4.0.1.tar.gz", hash = "sha256:806e034dda44114815e23c16ef92f95c91e4c71100ff52813adf7132a6ad870d"},
]

[package.dependencies]
mccabe = ">=0.6.0,<0.7.0"
pycodestyle = ">=2.8.0,<2.9.0"
pyflakes = ">=2.4.0,<2.5.0"

[[package]]
name = "h11"
version = "0.16.0"
description = "A pure-Python, bring-your-own-I/O implementation of HTTP/1.1"
optional = false
python-versions = ">=3.8"
groups = ["main"]
files = [
    {file = "h11-0.16.0-py3-none-any.whl", hash = "sha256:63cf8bbe7522de3bf65932fda1d9c2772064ffb3dae62d55932da54b31cb6c86"},
    {file = "h11-0.16.0.tar.gz", hash = "sha256:4e35b956cf45792e4caa5885e69fba00bdbc6ffafbfa020300e549b208ee5ff1"},
]

[[package]]
name = "html5lib"
version = "1.1"
description = "HTML parser based on the WHATWG HTML specification"
optional = false
python-versions = ">=2.7, !=3.0.*, !=3.1.*, !=3.2.*, !=3.3.*, !=3.4.*"
groups = ["main"]
files = [
    {file = "html5lib-1.1-py2.py3-none-any.whl", hash = "sha256:0d78f8fde1c230e99fe37986a60526d7049ed4bf8a9fadbad5f00e22e58e041d"},
    {file = "html5lib-1.1.tar.gz", hash = "sha256:b2e5b40261e20f354d198eae92afc10d750afb487ed5e50f9c4eaf07c184146f"},
]

[package.dependencies]
six = ">=1.9"
webencodings = "*"

[package.extras]
all = ["chardet (>=2.2)", "genshi", "lxml"]
chardet = ["chardet (>=2.2)"]
genshi = ["genshi"]
lxml = ["lxml"]

[[package]]
name = "httpcore"
version = "1.0.9"
description = "A minimal low-level HTTP client."
optional = false
python-versions = ">=3.8"
groups = ["main"]
files = [
    {file = "httpcore-1.0.9-py3-none-any.whl", hash = "sha256:2d400746a40668fc9dec9810239072b40b4484b640a8c38fd654a024c7a1bf55"},
    {file = "httpcore-1.0.9.tar.gz", hash = "sha256:6e34463af53fd2ab5d807f399a9b45ea31c3dfa2276f15a2c3f00afff6e176e8"},
]

[package.dependencies]
certifi = "*"
h11 = ">=0.16"

[package.extras]
asyncio = ["anyio (>=4.0,<5.0)"]
http2 = ["h2 (>=3,<5)"]
socks = ["socksio (==1.*)"]
trio = ["trio (>=0.22.0,<1.0)"]

[[package]]
name = "httpx"
version = "0.28.1"
description = "The next generation HTTP client."
optional = false
python-versions = ">=3.8"
groups = ["main"]
files = [
    {file = "httpx-0.28.1-py3-none-any.whl", hash = "sha256:d909fcccc110f8c7faf814ca82a9a4d816bc5a6dbfea25d6591d6985b8ba59ad"},
    {file = "httpx-0.28.1.tar.gz", hash = "sha256:75e98c5f16b0f35b567856f597f06ff2270a374470a5c2392242528e3e3e42fc"},
]

[package.dependencies]
anyio = "*"
certifi = "*"
httpcore = "==1.*"
idna = "*"

[package.extras]
brotli = ["brotli", "brotlicffi"]
cli = ["click (==8.*)", "pygments (==2.*)", "rich (>=10,<14)"]
http2 = ["h2 (>=3,<5)"]
socks = ["socksio (==1.*)"]
zstd = ["zstandard (>=0.18.0)"]

[[package]]
name = "idna"
version = "3.11"
description = "Internationalized Domain Names in Applications (IDNA)"
optional = false
python-versions = ">=3.8"
groups = ["main"]
files = [
    {file = "idna-3.11-py3-none-any.whl", hash = "sha256:771a87f49d9defaf64091e6e6fe9c18d4833f140bd19464795bc32d966ca37ea"},
    {file = "idna-3.11.tar.gz", hash = "sha256:795dafcc9c04ed0c1fb032c2aa73654d8e8c5023a7df64a53f39190ada629902"},
]

[package.extras]
all = ["flake8 (>=7.1.1)", "mypy (>=1.11.2)", "pytest (>=8.3.2)", "ruff (>=0.6.2)"]

[[package]]
name = "importlib-metadata"
version = "8.7.1"
description = "Read metadata from Python packages"
optional = false
python-versions = ">=3.9"
groups = ["main", "dev"]
markers = "python_version < \"3.10\""
files = [
    {file = "importlib_metadata-8.7.1-py3-none-any.whl", hash = "sha256:5a1f80bf1daa489495071efbb095d75a634cf28a8bc299581244063b53176151"},
    {file = "importlib_metadata-8.7.1.tar.gz", hash = "sha256:49fef1ae6440c182052f407c8d34a68f72efc36db9ca90dc0113398f2fdde8bb"},
]

[package.dependencies]
zipp = ">=3.20"

[package.extras]
check = ["pytest-checkdocs (>=2.4)", "pytest-ruff (>=0.2.1)"]
cover = ["pytest-cov"]
doc = ["furo", "jaraco.packaging (>=9.3)", "jaraco.tidelift (>=1.4)", "rst.linker (>=1.9)", "sphinx (>=3.5)", "sphinx-lint"]
enabler = ["pytest-enabler (>=3.4)"]
perf = ["ipython"]
test = ["flufl.flake8", "jaraco.test (>=5.4)", "packaging", "pyfakefs", "pytest (>=6,!=8.1.*)", "pytest-perf (>=0.9.2)"]
type = ["mypy (<1.19)", "pytest-mypy (>=1.0.1)"]

[[package]]
name = "iniconfig"
version = "2.1.0"
description = "brain-dead simple config-ini parsing"
optional = false
python-versions = ">=3.8"
groups = ["dev"]
files = [
    {file = "iniconfig-2.1.0-py3-none-any.whl", hash = "sha256:9deba5723312380e77435581c6bf4935c94cbfab9b1ed33ef8d238ea168eb760"},
    {file = "iniconfig-2.1.0.tar.gz", hash = "sha256:3abbd2e30b36733fee78f9c7f7308f2d0050e88f0087fd25c2645f63c773e1c7"},
]

[[package]]
name = "isodate"
version = "0.7.2"
description = "An ISO 8601 date/time/duration parser and formatter"
optional = false
python-versions = ">=3.7"
groups = ["main"]
markers = "python_version < \"3.11\""
files = [
    {file = "isodate-0.7.2-py3-none-any.whl", hash = "sha256:28009937d8031054830160fce6d409ed342816b543597cece116d966c6d99e15"},
    {file = "isodate-0.7.2.tar.gz", hash = "sha256:4cd1aa0f43ca76f4a6c6c0292a85f40b35ec2e43e315b59f06e6d32171a953e6"},
]

[[package]]
name = "macholib"
version = "1.16.4"
description = "Mach-O header analysis and editing"
optional = false
python-versions = "*"
groups = ["dev"]
markers = "python_version < \"3.11\" and sys_platform == \"darwin\""
files = [
    {file = "macholib-1.16.4-py2.py3-none-any.whl", hash = "sha256:da1a3fa8266e30f0ce7e97c6a54eefaae8edd1e5f86f3eb8b95457cae90265ea"},
    {file = "macholib-1.16.4.tar.gz", hash = "sha256:f408c93ab2e995cd2c46e34fe328b130404be143469e41bc366c807448979362"},
]

[package.dependencies]
altgraph = ">=0.17"

[[package]]
name = "markdown"
version = "3.9"
description = "Python implementation of John Gruber's Markdown."
optional = false
python-versions = ">=3.9"
groups = ["main"]
files = [
    {file = "markdown-3.9-py3-none-any.whl", hash = "sha256:9f4d91ed810864ea88a6f32c07ba8bee1346c0cc1f6b1f9f6c822f2a9667d280"},
    {file = "markdown-3.9.tar.gz", hash = "sha256:d2900fe1782bd33bdbbd56859defef70c2e78fc46668f8eb9df3128138f2cb6a"},
]

[package.dependencies]
importlib-metadata = {version = ">=4.4", markers = "python_version < \"3.10\""}

[package.extras]
docs = ["mdx_gh_links (>=0.2)", "mkdocs (>=1.6)", "mkdocs-gen-files", "mkdocs-literate-nav", "mkdocs-nature (>=0.6)", "mkdocs-section-index", "mkdocstrings[python]"]
testing = ["coverage", "pyyaml"]

[[package]]
name = "mccabe"
version = "0.6.1"
description = "McCabe checker, plugin for flake8"
optional = false
python-versions = "*"
groups = ["dev"]
files = [
    {file = "mccabe-0.6.1-py2.py3-none-any.whl", hash = "sha256:ab8a6258860da4b6677da4bd2fe5dc2c659cff31b3ee4f7f5d64e79735b80d42"},
    {file = "mccabe-0.6.1.tar.gz", hash = "sha256:dd8d182285a0fe56bace7f45b5e7d1a6ebcbf524e8f3bd87eb0f125271b8831f"},
]

[[package]]
name = "mypy-extensions"
version = "1.1.0"
description = "Type system extensions for programs checked with the mypy type checker."
optional = false
python-versions = ">=3.8"
groups = ["dev"]
files = [
    {file = "mypy_extensions-1.1.0-py3-none-any.whl", hash = "sha256:1be4cccdb0f2482337c4743e60421de3a356cd97508abadd57d47403e94f5505"},
    {file = "mypy_extensions-1.1.0.tar.gz", hash = "sha256:52e68efc3284861e772bbcd66823fde5ae21fd2fdb51c62a211403730b916558"},
]

[[package]]
name = "packaging"
version = "26.0"
description = "Core utilities for Python packages"
optional = false
python-versions = ">=3.8"
groups = ["dev"]
files = [
    {file = "packaging-26.0-py3-none-any.whl", hash = "sha256:b36f1fef9334a5588b4166f8bcd26a14e521f2b55e6b9de3aaa80d3ff7a37529"},
    {file = "packaging-26.0.tar.gz", hash = "sha256:00243ae351a257117b6a241061796684b084ed1c516a08c48a3f7e147a9d80b4"},
]

[[package]]
name = "pathspec"
version = "1.0.3"
description = "Utility library for gitignore style pattern matching of file paths."
optional = false
python-versions = ">=3.9"
groups = ["dev"]
files = [
    {file = "pathspec-1.0.3-py3-none-any.whl", hash = "sha256:e80767021c1cc524aa3fb14bedda9c34406591343cc42797b386ce7b9354fb6c"},
    {file = "pathspec-1.0.3.tar.gz", hash = "sha256:bac5cf97ae2c2876e2d25ebb15078eb04d76e4b98921ee31c6f85ade8b59444d"},
]

[package.extras]
hyperscan = ["hyperscan (>=0.7)"]
optional = ["typing-extensions (>=4)"]
re2 = ["google-re2 (>=1.1)"]
tests = ["pytest (>=9)", "typing-extensions (>=4.15)"]

[[package]]
name = "pefile"
version = "2024.8.26"
description = "Python PE parsing module"
optional = false
python-versions = ">=3.6.0"
groups = ["dev"]
markers = "python_version < \"3.11\" and sys_platform == \"win32\""
files = [
    {file = "pefile-2024.8.26-py3-none-any.whl", hash = "sha256:76f8b485dcd3b1bb8166f1128d395fa3d87af26360c2358fb75b80019b957c6f"},
    {file = "pefile-2024.8.26.tar.gz", hash = "sha256:3ff6c5d8b43e8c37bb6e6dd5085658d658a7a0bdcd20b6a07b1fcfc1c4e9d632"},
]

[[package]]
name = "platformdirs"
version = "4.4.0"
description = "A small Python package for determining appropriate platform-specific dirs, e.g. a `user data dir`."
optional = false
python-versions = ">=3.9"
groups = ["dev"]
files = [
    {file = "platformdirs-4.4.0-py3-none-any.whl", hash = "sha256:abd01743f24e5287cd7a5db3752faf1a2d65353f38ec26d98e25a6db65958c85"},
    {file = "platformdirs-4.4.0.tar.gz", hash = "sha256:ca753cf4d81dc309bc67b0ea38fd15dc97bc30ce419a7f58d13eb3bf14c4febf"},
]

[package.extras]
docs = ["furo (>=2024.8.6)", "proselint (>=0.14)", "sphinx (>=8.1.3)", "sphinx-autodoc-typehints (>=3)"]
test = ["appdirs (==1.4.4)", "covdefaults (>=2.3)", "pytest (>=8.3.4)", "pytest-cov (>=6)", "pytest-mock (>=3.14)"]
type = ["mypy (>=1.14.1)"]

[[package]]
name = "pluggy"
version = "1.6.0"
description = "plugin and hook calling mechanisms for python"
optional = false
python-versions = ">=3.9"
groups = ["dev"]
files = [
    {file = "pluggy-1.6.0-py3-none-any.whl", hash = "sha256:e920276dd6813095e9377c0bc5566d94c932c33b27a3e3945d8389c374dd4746"},
    {file = "pluggy-1.6.0.tar.gz", hash = "sha256:7dcc130b76258d33b90f61b658791dede3486c3e6bfb003ee5c9bfb396dd22f3"},
]

[package.extras]
dev = ["pre-commit", "tox"]
testing = ["coverage", "pytest", "pytest-benchmark"]

[[package]]
name = "pycodestyle"
version = "2.8.0"
description = "Python style guide checker"
optional = false
python-versions = ">=2.7, !=3.0.*, !=3.1.*, !=3.2.*, !=3.3.*, !=3.4.*"
groups = ["dev"]
files = [
    {file = "pycodestyle-2.8.0-py2.py3-none-any.whl", hash = "sha256:720f8b39dde8b293825e7ff02c475f3077124006db4f440dcbc9a20b76548a20"},
    {file = "pycodestyle-2.8.0.tar.gz", hash = "sha256:eddd5847ef438ea1c7870ca7eb78a9d47ce0cdb4851a5523949f2601d0cbbe7f"},
]

[[package]]
name = "pyflakes"
version = "2.4.0"
description = "passive checker of Python programs"
optional = false
python-versions = ">=2.7, !=3.0.*, !=3.1.*, !=3.2.*, !=3.3.*"
groups = ["dev"]
files = [
    {file = "pyflakes-2.4.0-py2.py3-none-any.whl", hash = "sha256:3bb3a3f256f4b7968c9c788781e4ff07dce46bdf12339dcda61053375426ee2e"},
    {file = "pyflakes-2.4.0.tar.gz", hash = "sha256:05a85c2872edf37a4ed30b0cce2f6093e1d0581f8c19d7393122da7e25b2b24c"},
]

[[package]]
name = "pyinstaller"
version = "6.18.0"
description = "PyInstaller bundles a Python application and all its dependencies into a single package."
optional = false
python-versions = "<3.15,>=3.8"
groups = ["dev"]
markers = "python_version < \"3.11\""
files = [
    {file = "pyinstaller-6.18.0-py3-none-macosx_10_13_universal2.whl", hash = "sha256:cb7aa5a71bfa7c0af17a4a4e21855663c89e4bd7c40f1d337c8370636d8847c3"},
    {file = "pyinstaller-6.18.0-py3-none-manylinux2014_aarch64.whl", hash = "sha256:07785459b3bf8a48889eac0b4d0667ade84aef8930ce030bc7cbb32f41283b33"},
    {file = "pyinstaller-6.18.0-py3-none-manylinux2014_i686.whl", hash = "sha256:f998675b7ccb2dabbb1dc2d6f18af61d55428ad6d38e6c4d700417411b697d37"},
    {file = "pyinstaller-6.18.0-py3-none-manylinux2014_ppc64le.whl", hash = "sha256:779817a0cf69604cddcdb5be1fd4959dc2ce048d6355c73e5da97884df2f3387"},
    {file = "pyinstaller-6.18.0-py3-none-manylinux2014_s390x.whl", hash = "sha256:31b5d109f8405be0b7cddcede43e7b074792bc9a5bbd54ec000a3e779183c2af"},
    {file = "pyinstaller-6.18.0-py3-none-manylinux2014_x86_64.whl", hash = "sha256:4328c9837f1aef4fe1a127d4ff1b09a12ce53c827ce87c94117628b0e1fd098b"},
    {file = "pyinstaller-6.18.0-py3-none-musllinux_1_1_aarch64.whl", hash = "sha256:3638fc81eb948e5e5eab1d4ad8f216e3fec6d4a350648304f0adb227b746ee5e"},
    {file = "pyinstaller-6.18.0-py3-none-musllinux_1_1_x86_64.whl", hash = "sha256:8fbe59da34269e637f97fd3c43024f764586fc319141d245ff1a2e9af1036aa3"},
    {file = "pyinstaller-6.18.0-py3-none-win32.whl", hash = "sha256:496205e4fa92ec944f9696eb597962a83aef4d4c3479abfab83d730e1edf016b"},
    {file = "pyinstaller-6.18.0-py3-none-win_amd64.whl", hash = "sha256:976fabd90ecfbda47571c87055ad73413ec615ff7dea35e12a4304174de78de9"},
    {file = "pyinstaller-6.18.0-py3-none-win_arm64.whl", hash = "sha256:dba4b70e3c9ba09aab51152c72a08e58a751851548f77ad35944d32a300c8381"},
    {file = "pyinstaller-6.18.0.tar.gz", hash = "sha256:cdc507542783511cad4856fce582fdc37e9f29665ca596889c663c83ec8c6ec9"},
]

[package.dependencies]
altgraph = "*"
importlib-metadata = {version = ">=4.6", markers = "python_version < \"3.10\""}
macholib = {version = ">=1.8", markers = "sys_platform == \"darwin\""}
packaging = ">=22.0"
pefile = {version = ">=2022.5.30", markers = "sys_platform == \"win32\""}
pyinstaller-hooks-contrib = ">=2025.9"
pywin32-ctypes = {version = ">=0.2.1", markers = "sys_platform == \"win32\""}
setuptools = ">=42.0.0"

[package.extras]
completion = ["argcomplete"]
hook-testing = ["execnet (>=1.5.0)", "psutil", "pytest (>=2.7.3)"]

[[package]]
name = "pyinstaller-hooks-contrib"
version = "2026.0"
description = "Community maintained hooks for PyInstaller"
optional = false
python-versions = ">=3.8"
groups = ["dev"]
markers = "python_version < \"3.11\""
files = [
    {file = "pyinstaller_hooks_contrib-2026.0-py3-none-any.whl", hash = "sha256:0590db8edeba3e6c30c8474937021f5cd39c0602b4d10f74a064c73911efaca5"},
    {file = "pyinstaller_hooks_contrib-2026.0.tar.gz", hash = "sha256:0120893de491a000845470ca9c0b39284731ac6bace26f6849dea9627aaed48e"},
]

[package.dependencies]
importlib_metadata = {version = ">=4.6", markers = "python_version < \"3.10\""}
packaging = ">=22.0"
setuptools = ">=42.0.0"

[[package]]
name = "pyparsing"
version = "3.3.2"
description = "pyparsing - Classes and methods to define and execute parsing grammars"
optional = false
python-versions = ">=3.9"
groups = ["main"]
files = [
    {file = "pyparsing-3.3.2-py3-none-any.whl", hash = "sha256:850ba148bd908d7e2411587e247a1e4f0327839c40e2e5e6d05a007ecc69911d"},
    {file = "pyparsing-3.3.2.tar.gz", hash = "sha256:c777f4d763f140633dcb6d8a3eda953bf7a214dc4eff598413c070bcdc117cbc"},
]

[package.extras]
diagrams = ["jinja2", "railroad-diagrams"]

[[package]]
name = "pytest"
version = "7.4.4"
description = "pytest: simple powerful testing with Python"
optional = false
python-versions = ">=3.7"
groups = ["dev"]
files = [
    {file = "pytest-7.4.4-py3-none-any.whl", hash = "sha256:b090cdf5ed60bf4c45261be03239c2c1c22df034fbffe691abe93cd80cea01d8"},
    {file = "pytest-7.4.4.tar.gz", hash = "sha256:2cf0005922c6ace4a3e2ec8b4080eb0d9753fdc93107415332f50ce9e7994280"},
]

[package.dependencies]
colorama = {version = "*", markers = "sys_platform == \"win32\""}
exceptiongroup = {version = ">=1.0.0rc8", markers = "python_version < \"3.11\""}
iniconfig = "*"
packaging = "*"
pluggy = ">=0.12,<2.0"
tomli = {version = ">=1.0.0", markers = "python_version < \"3.11\""}

[package.extras]
testing = ["argcomplete", "attrs (>=19.2.0)", "hypothesis (>=3.56)", "mock", "nose", "pygments (>=2.7.2)", "requests", "setuptools", "xmlschema"]

[[package]]
name = "pywin32-ctypes"
version = "0.2.3"
description = "A (partial) reimplementation of pywin32 using ctypes/cffi"
optional = false
python-versions = ">=3.6"
groups = ["dev"]
markers = "python_version < \"3.11\" and sys_platform == \"win32\""
files = [
    {file = "pywin32-ctypes-0.2.3.tar.gz", hash = "sha256:d162dc04946d704503b2edc4d55f3dba5c1d539ead017afa00142c38b9885755"},
    {file = "pywin32_ctypes-0.2.3-py3-none-any.whl", hash = "sha256:8a1513379d709975552d202d942d9837758905c8d01eb82b8bcc30918929e7b8"},
]

[[package]]
name = "rdflib"
version = "7.5.0"
description = "RDFLib is a Python library for working with RDF, a simple yet powerful language for representing information."
optional = false
python-versions = ">=3.8.1"
groups = ["main"]
files = [
    {file = "rdflib-7.5.0-py3-none-any.whl", hash = "sha256:b011dfc40d0fc8a44252e906dcd8fc806a7859bc231be190c37e9568a31ac572"},
    {file = "rdflib-7.5.0.tar.gz", hash = "sha256:663083443908b1830e567350d72e74d9948b310f827966358d76eebdc92bf592"},
]

[package.dependencies]
isodate = {version = ">=0.7.2,<1.0.0", markers = "python_version < \"3.11\""}
pyparsing = ">=2.1.0,<4"

[package.extras]
berkeleydb = ["berkeleydb (>=18.1.0,<19.0.0)"]
html = ["html5rdf (>=1.2,<2)"]
lxml = ["lxml (>=4.3,<6.0)"]
networkx = ["networkx (>=2,<4)"]
orjson = ["orjson (>=3.9.14,<4)"]
rdf4j = ["httpx (>=0.28.1,<0.29.0)"]

[[package]]
name = "ruff"
version = "0.14.3"
description = "An extremely fast Python linter and code formatter, written in Rust."
optional = false
python-versions = ">=3.7"
groups = ["lint"]
files = [
    {file = "ruff-0.14.3-py3-none-linux_armv6l.whl", hash = "sha256:876b21e6c824f519446715c1342b8e60f97f93264012de9d8d10314f8a79c371"},
    {file = "ruff-0.14.3-py3-none-macosx_10_12_x86_64.whl", hash = "sha256:b6fd8c79b457bedd2abf2702b9b472147cd860ed7855c73a5247fa55c9117654"},
    {file = "ruff-0.14.3-py3-none-macosx_11_0_arm64.whl", hash = "sha256:71ff6edca490c308f083156938c0c1a66907151263c4abdcb588602c6e696a14"},
    {file = "ruff-0.14.3-py3-none-manylinux_2_17_aarch64.manylinux2014_aarch64.whl", hash = "sha256:786ee3ce6139772ff9272aaf43296d975c0217ee1b97538a98171bf0d21f87ed"},
    {file = "ruff-0.14.3-py3-none-manylinux_2_17_armv7l.manylinux2014_armv7l.whl", hash = "sha256:cd6291d0061811c52b8e392f946889916757610d45d004e41140d81fb6cd5ddc"},
    {file = "ruff-0.14.3-py3-none-manylinux_2_17_i686.manylinux2014_i686.whl", hash = "sha256:a497ec0c3d2c88561b6d90f9c29f5ae68221ac00d471f306fa21fa4264ce5fcd"},
    {file = "ruff-0.14.3-py3-none-manylinux_2_17_ppc64.manylinux2014_ppc64.whl", hash = "sha256:e231e1be58fc568950a04fbe6887c8e4b85310e7889727e2b81db205c45059eb"},
    {file = "ruff-0.14.3-py3-none-manylinux_2_17_ppc64le.manylinux2014_ppc64le.whl", hash = "sha256:469e35872a09c0e45fecf48dd960bfbce056b5db2d5e6b50eca329b4f853ae20"},
    {file = "ruff-0.14.3-py3-none-manylinux_2_17_s390x.manylinux2014_s390x.whl", hash = "sha256:3d6bc90307c469cb9d28b7cfad90aaa600b10d67c6e22026869f585e1e8a2db0"},
    {file = "ruff-0.14.3-py3-none-manylinux_2_17_x86_64.manylinux2014_x86_64.whl", hash = "sha256:0e2f8a0bbcffcfd895df39c9a4ecd59bb80dca03dc43f7fb63e647ed176b741e"},
    {file = "ruff-0.14.3-py3-none-manylinux_2_31_riscv64.whl", hash = "sha256:678fdd7c7d2d94851597c23ee6336d25f9930b460b55f8598e011b57c74fd8c5"},
    {file = "ruff-0.14.3-py3-none-musllinux_1_2_aarch64.whl", hash = "sha256:1ec1ac071e7e37e0221d2f2dbaf90897a988c531a8592a6a5959f0603a1ecf5e"},
    {file = "ruff-0.14.3-py3-none-musllinux_1_2_armv7l.whl", hash = "sha256:afcdc4b5335ef440d19e7df9e8ae2ad9f749352190e96d481dc501b753f0733e"},
    {file = "ruff-0.14.3-py3-none-musllinux_1_2_i686.whl", hash = "sha256:7bfc42f81862749a7136267a343990f865e71fe2f99cf8d2958f684d23ce3dfa"},
    {file = "ruff-0.14.3-py3-none-musllinux_1_2_x86_64.whl", hash = "sha256:a65e448cfd7e9c59fae8cf37f9221585d3354febaad9a07f29158af1528e165f"},
    {file = "ruff-0.14.3-py3-none-win32.whl", hash = "sha256:f3d91857d023ba93e14ed2d462ab62c3428f9bbf2b4fbac50a03ca66d31991f7"},
    {file = "ruff-0.14.3-py3-none-win_amd64.whl", hash = "sha256:d7b7006ac0756306db212fd37116cce2bd307e1e109375e1c6c106002df0ae5f"},
    {file = "ruff-0.14.3-py3-none-win_arm64.whl", hash = "sha256:26eb477ede6d399d898791d01961e16b86f02bc2486d0d1a7a9bb2379d055dc1"},
    {file = "ruff-0.14.3.tar.gz", hash = "sha256:4ff876d2ab2b161b6de0aa1f5bd714e8e9b4033dc122ee006925fbacc4f62153"},
]

[[package]]
name = "setuptools"
version = "80.10.2"
description = "Easily download, build, install, upgrade, and uninstall Python packages"
optional = false
python-versions = ">=3.9"
groups = ["dev"]
markers = "python_version < \"3.11\""
files = [
    {file = "setuptools-80.10.2-py3-none-any.whl", hash = "sha256:95b30ddfb717250edb492926c92b5221f7ef3fbcc2b07579bcd4a27da21d0173"},
    {file = "setuptools-80.10.2.tar.gz", hash = "sha256:8b0e9d10c784bf7d262c4e5ec5d4ec94127ce206e8738f29a437945fbc219b70"},
]

[package.extras]
check = ["pytest-checkdocs (>=2.4)", "pytest-ruff (>=0.2.1)", "ruff (>=0.8.0)"]
core = ["importlib_metadata (>=6)", "jaraco.functools (>=4)", "jaraco.text (>=3.7)", "more_itertools", "more_itertools (>=8.8)", "packaging (>=24.2)", "platformdirs (>=4.2.2)", "tomli (>=2.0.1)", "wheel (>=0.43.0)"]
cover = ["pytest-cov"]
doc = ["furo", "jaraco.packaging (>=9.3)", "jaraco.tidelift (>=1.4)", "pygments-github-lexers (==0.0.5)", "pyproject-hooks (!=1.1)", "rst.linker (>=1.9)", "sphinx (>=3.5)", "sphinx-favicon", "sphinx-inline-tabs", "sphinx-lint", "sphinx-notfound-page (>=1,<2)", "sphinx-reredirects", "sphinxcontrib-towncrier", "towncrier (<24.7)"]
enabler = ["pytest-enabler (>=2.2)"]
test = ["build[virtualenv] (>=1.0.3)", "filelock (>=3.4.0)", "ini2toml[lite] (>=0.14)", "jaraco.develop (>=7.21)", "jaraco.envs (>=2.2)", "jaraco.path (>=3.7.2)", "jaraco.test (>=5.5)", "packaging (>=24.2)", "pip (>=19.1)", "pyproject-hooks (!=1.1)", "pytest (>=6,!=8.1.*)", "pytest-home (>=0.5)", "pytest-perf", "pytest-subprocess", "pytest-timeout", "pytest-xdist (>=3)", "tomli-w (>=1.0.0)", "virtualenv (>=13.0.0)", "wheel (>=0.44.0)"]
type = ["importlib_metadata (>=7.0.2)", "jaraco.develop (>=7.21)", "mypy (==1.14.*)", "pytest-mypy"]

[[package]]
name = "six"
version = "1.17.0"
description = "Python 2 and 3 compatibility utilities"
optional = false
python-versions = "!=3.0.*,!=3.1.*,!=3.2.*,>=2.7"
groups = ["main"]
files = [
    {file = "six-1.17.0-py2.py3-none-any.whl", hash = "sha256:4721f391ed90541fddacab5acf947aa0d3dc7d27b2e1e8eda2be8970586c3274"},
    {file = "six-1.17.0.tar.gz", hash = "sha256:ff70335d468e7eb6ec65b95b99d3a2836546063f63acc5171de367e834932a81"},
]

[[package]]
name = "tomli"
version = "2.4.0"
description = "A lil' TOML parser"
optional = false
python-versions = ">=3.8"
groups = ["dev"]
markers = "python_version < \"3.11\""
files = [
    {file = "tomli-2.4.0-cp311-cp311-macosx_10_9_x86_64.whl", hash = "sha256:b5ef256a3fd497d4973c11bf142e9ed78b150d36f5773f1ca6088c230ffc5867"},
    {file = "tomli-2.4.0-cp311-cp311-macosx_11_0_arm64.whl", hash = "sha256:5572e41282d5268eb09a697c89a7bee84fae66511f87533a6f88bd2f7b652da9"},
    {file = "tomli-2.4.0-cp311-cp311-manylinux2014_aarch64.manylinux_2_17_aarch64.manylinux_2_28_aarch64.whl", hash = "sha256:551e321c6ba03b55676970b47cb1b73f14a0a4dce6a3e1a9458fd6d921d72e95"},
    {file = "tomli-2.4.0-cp311-cp311-manylinux2014_x86_64.manylinux_2_17_x86_64.manylinux_2_28_x86_64.whl", hash = "sha256:5e3f639a7a8f10069d0e15408c0b96a2a828cfdec6fca05296ebcdcc28ca7c76"},
    {file = "tomli-2.4.0-cp311-cp311-musllinux_1_2_aarch64.whl", hash = "sha256:1b168f2731796b045128c45982d3a4874057626da0e2ef1fdd722848b741361d"},
    {file = "tomli-2.4.0-cp311-cp311-musllinux_1_2_x86_64.whl", hash = "sha256:133e93646ec4300d651839d382d63edff11d8978be23da4cc106f5a18b7d0576"},
    {file = "tomli-2.4.0-cp311-cp311-win32.whl", hash = "sha256:b6c78bdf37764092d369722d9946cb65b8767bfa4110f902a1b2542d8d173c8a"},
    {file = "tomli-2.4.0-cp311-cp311-win_amd64.whl", hash = "sha256:d3d1654e11d724760cdb37a3d7691f0be9db5fbdaef59c9f532aabf87006dbaa"},
    {file = "tomli-2.4.0-cp311-cp311-win_arm64.whl", hash = "sha256:cae9c19ed12d4e8f3ebf46d1a75090e4c0dc16271c5bce1c833ac168f08fb614"},
    {file = "tomli-2.4.0-cp312-cp312-macosx_10_13_x86_64.whl", hash = "sha256:920b1de295e72887bafa3ad9f7a792f811847d57ea6b1215154030cf131f16b1"},
    {file = "tomli-2.4.0-cp312-cp312-macosx_11_0_arm64.whl", hash = "sha256:7d6d9a4aee98fac3eab4952ad1d73aee87359452d1c086b5ceb43ed02ddb16b8"},
    {file = "tomli-2.4.0-cp312-cp312-manylinux2014_aarch64.manylinux_2_17_aarch64.manylinux_2_28_aarch64.whl", hash = "sha256:36b9d05b51e65b254ea6c2585b59d2c4cb91c8a3d91d0ed0f17591a29aaea54a"},
    {file = "tomli-2.4.0-cp312-cp312-manylinux2014_x86_64.manylinux_2_17_x86_64.manylinux_2_28_x86_64.whl", hash = "sha256:1c8a885b370751837c029ef9bc014f27d80840e48bac415f3412e6593bbc18c1"},
    {file = "tomli-2.4.0-cp312-cp312-musllinux_1_2_aarch64.whl", hash = "sha256:8768715ffc41f0008abe25d808c20c3d990f42b6e2e58305d5da280ae7d1fa3b"},
    {file = "tomli-2.4.0-cp312-cp312-musllinux_1_2_x86_64.whl", hash = "sha256:7b438885858efd5be02a9a133caf5812b8776ee0c969fea02c45e8e3f296ba51"},
    {file = "tomli-2.4.0-cp312-cp312-win32.whl", hash = "sha256:0408e3de5ec77cc7f81960c362543cbbd91ef883e3138e81b729fc3eea5b9729"},
    {file = "tomli-2.4.0-cp312-cp312-win_amd64.whl", hash = "sha256:685306e2cc7da35be4ee914fd34ab801a6acacb061b6a7abca922aaf9ad368da"},
    {file = "tomli-2.4.0-cp312-cp312-win_arm64.whl", hash = "sha256:5aa48d7c2356055feef06a43611fc401a07337d5b006be13a30f6c58f869e3c3"},
    {file = "tomli-2.4.0-cp313-cp313-macosx_10_13_x86_64.whl", hash = "sha256:84d081fbc252d1b6a982e1870660e7330fb8f90f676f6e78b052ad4e64714bf0"},
    {file = "tomli-2.4.0-cp313-cp313-macosx_11_0_arm64.whl", hash = "sha256:9a08144fa4cba33db5255f9b74f0b89888622109bd2776148f2597447f92a94e"},
    {file = "tomli-2.4.0-cp313-cp313-manylinux2014_aarch64.manylinux_2_17_aarch64.manylinux_2_28_aarch64.whl", hash = "sha256:c73add4bb52a206fd0c0723432db123c0c75c280cbd67174dd9d2db228ebb1b4"},
    {file = "tomli-2.4.0-cp313-cp313-manylinux2014_x86_64.manylinux_2_17_x86_64.manylinux_2_28_x86_64.whl", hash = "sha256:1fb2945cbe303b1419e2706e711b7113da57b7db31ee378d08712d678a34e51e"},
    {file = "tomli-2.4.0-cp313-cp313-musllinux_1_2_aarch64.whl", hash = "sha256:bbb1b10aa643d973366dc2cb1ad94f99c1726a02343d43cbc011edbfac579e7c"},
    {file = "tomli-2.4.0-cp313-cp313-musllinux_1_2_x86_64.whl", hash = "sha256:4cbcb367d44a1f0c2be408758b43e1ffb5308abe0ea222897d6bfc8e8281ef2f"},
    {file = "tomli-2.4.0-cp313-cp313-win32.whl", hash = "sha256:7d49c66a7d5e56ac959cb6fc583aff0651094ec071ba9ad43df785abc2320d86"},
    {file = "tomli-2.4.0-cp313-cp313-win_amd64.whl", hash = "sha256:3cf226acb51d8f1c394c1b310e0e0e61fecdd7adcb78d01e294ac297dd2e7f87"},
    {file = "tomli-2.4.0-cp313-cp313-win_arm64.whl", hash = "sha256:d20b797a5c1ad80c516e41bc1fb0443ddb5006e9aaa7bda2d71978346aeb9132"},
    {file = "tomli-2.4.0-cp314-cp314-macosx_10_15_x86_64.whl", hash = "sha256:26ab906a1eb794cd4e103691daa23d95c6919cc2fa9160000ac02370cc9dd3f6"},
    {file = "tomli-2.4.0-cp314-cp314-macosx_11_0_arm64.whl", hash = "sha256:20cedb4ee43278bc4f2fee6cb50daec836959aadaf948db5172e776dd3d993fc"},
    {file = "tomli-2.4.0-cp314-cp314-manylinux2014_aarch64.manylinux_2_17_aarch64.manylinux_2_28_aarch64.whl", hash = "sha256:39b0b5d1b6dd03684b3fb276407ebed7090bbec989fa55838c98560c01113b66"},
    {file = "tomli-2.4.0-cp314-cp314-manylinux2014_x86_64.manylinux_2_17_x86_64.manylinux_2_28_x86_64.whl", hash = "sha256:a26d7ff68dfdb9f87a016ecfd1e1c2bacbe3108f4e0f8bcd2228ef9a766c787d"},
    {file = "tomli-2.4.0-cp314-cp314-musllinux_1_2_aarch64.whl", hash = "sha256:20ffd184fb1df76a66e34bd1b36b4a4641bd2b82954befa32fe8163e79f1a702"},
    {file = "tomli-2.4.0-cp314-cp314-musllinux_1_2_x86_64.whl", hash = "sha256:75c2f8bbddf170e8effc98f5e9084a8751f8174ea6ccf4fca5398436e0320bc8"},
    {file = "tomli-2.4.0-cp314-cp314-win32.whl", hash = "sha256:31d556d079d72db7c584c0627ff3a24c5d3fb4f730221d3444f3efb1b2514776"},
    {file = "tomli-2.4.0-cp314-cp314-win_amd64.whl", hash = "sha256:43e685b9b2341681907759cf3a04e14d7104b3580f808cfde1dfdb60ada85475"},
    {file = "tomli-2.4.0-cp314-cp314-win_arm64.whl", hash = "sha256:3d895d56bd3f82ddd6faaff993c275efc2ff38e52322ea264122d72729dca2b2"},
    {file = "tomli-2.4.0-cp314-cp314t-macosx_10_15_x86_64.whl", hash = "sha256:5b5807f3999fb66776dbce568cc9a828544244a8eb84b84b9bafc080c99597b9"},
    {file = "tomli-2.4.0-cp314-cp314t-macosx_11_0_arm64.whl", hash = "sha256:c084ad935abe686bd9c898e62a02a19abfc9760b5a79bc29644463eaf2840cb0"},
    {file = "tomli-2.4.0-cp314-cp314t-manylinux2014_aarch64.manylinux_2_17_aarch64.manylinux_2_28_aarch64.whl", hash = "sha256:0f2e3955efea4d1cfbcb87bc321e00dc08d2bcb737fd1d5e398af111d86db5df"},
    {file = "tomli-2.4.0-cp314-cp314t-manylinux2014_x86_64.manylinux_2_17_x86_64.manylinux_2_28_x86_64.whl", hash = "sha256:0e0fe8a0b8312acf3a88077a0802565cb09ee34107813bba1c7cd591fa6cfc8d"},
    {file = "tomli-2.4.0-cp314-cp314t-musllinux_1_2_aarch64.whl", hash = "sha256:413540dce94673591859c4c6f794dfeaa845e98bf35d72ed59636f869ef9f86f"},
    {file = "tomli-2.4.0-cp314-cp314t-musllinux_1_2_x86_64.whl", hash = "sha256:0dc56fef0e2c1c470aeac5b6ca8cc7b640bb93e92d9803ddaf9ea03e198f5b0b"},
    {file = "tomli-2.4.0-cp314-cp314t-win32.whl", hash = "sha256:d878f2a6707cc9d53a1be1414bbb419e629c3d6e67f69230217bb663e76b5087"},
    {file = "tomli-2.4.0-cp314-cp314t-win_amd64.whl", hash = "sha256:2add28aacc7425117ff6364fe9e06a183bb0251b03f986df0e78e974047571fd"},
    {file = "tomli-2.4.0-cp314-cp314t-win_arm64.whl", hash = "sha256:2b1e3b80e1d5e52e40e9b924ec43d81570f0e7d09d11081b797bc4692765a3d4"},
    {file = "tomli-2.4.0-py3-none-any.whl", hash = "sha256:1f776e7d669ebceb01dee46484485f43a4048746235e683bcdffacdf1fb4785a"},
    {file = "tomli-2.4.0.tar.gz", hash = "sha256:aa89c3f6c277dd275d8e243ad24f3b5e701491a860d5121f2cdd399fbb31fc9c"},
]

[[package]]
name = "typing-extensions"
version = "4.15.0"
description = "Backported and Experimental Type Hints for Python 3.9+"
optional = false
python-versions = ">=3.9"
groups = ["main", "dev"]
files = [
    {file = "typing_extensions-4.15.0-py3-none-any.whl", hash = "sha256:f0fa19c6845758ab08074a0cfa8b7aecb71c999ca73d62883bc25cc018c4e548"},
    {file = "typing_extensions-4.15.0.tar.gz", hash = "sha256:0cea48d173cc12fa28ecabc3b837ea3cf6f38c6d1136f85cbaaf598984861466"},
]
markers = {main = "python_version < \"3.13\"", dev = "python_version < \"3.11\""}

[[package]]
name = "webencodings"
version = "0.5.1"
description = "Character encoding aliases for legacy web content"
optional = false
python-versions = "*"
groups = ["main"]
files = [
    {file = "webencodings-0.5.1-py2.py3-none-any.whl", hash = "sha256:a0af1213f3c2226497a97e2b3aa01a7e4bee4f403f95be16fc9acd2947514a78"},
    {file = "webencodings-0.5.1.tar.gz", hash = "sha256:b36a1c245f2d304965eb4e0a82848379241dc04b865afcc4aab16748587e1923"},
]

[[package]]
name = "zipp"
version = "3.23.0"
description = "Backport of pathlib-compatible object wrapper for zip files"
optional = false
python-versions = ">=3.9"
groups = ["main", "dev"]
markers = "python_version < \"3.10\""
files = [
    {file = "zipp-3.23.0-py3-none-any.whl", hash = "sha256:071652d6115ed432f5ce1d34c336c0adfd6a884660d1e9712a256d3d3bd4b14e"},
    {file = "zipp-3.23.0.tar.gz", hash = "sha256:a07157588a12518c9d4034df3fbbee09c814741a33ff63c05fa29d26a2404166"},
]

[package.extras]
check = ["pytest-checkdocs (>=2.4)", "pytest-ruff (>=0.2.1)"]
cover = ["pytest-cov"]
doc = ["furo", "jaraco.packaging (>=9.3)", "jaraco.tidelift (>=1.4)", "rst.linker (>=1.9)", "sphinx (>=3.5)", "sphinx-lint"]
enabler = ["pytest-enabler (>=2.2)"]
test = ["big-O", "jaraco.functools", "jaraco.itertools", "jaraco.test", "more_itertools", "pytest (>=6,!=8.1.*)", "pytest-ignore-flaky"]
type = ["pytest-mypy"]

[metadata]
lock-version = "2.1"
python-versions = "^3.9"
content-hash = "952afa1b029e0c624d75cf5265e0efbd41b65900db810226e842528e84ab6944"
