version = 1
revision = 3
requires-python = ">=3.12, <4"

[[package]]
name = "annotated-doc"
version = "0.0.4"
source = { registry = "https://pypi.org/simple" }
sdist = { url = "https://files.pythonhosted.org/packages/57/ba/046ceea27344560984e26a590f90bc7f4a75b06701f653222458922b558c/annotated_doc-0.0.4.tar.gz", hash = "sha256:fbcda96e87e9c92ad167c2e53839e57503ecfda18804ea28102353485033faa4", size = 7288, upload-time = "2025-11-10T22:07:42.062Z" }
wheels = [
    { url = "https://files.pythonhosted.org/packages/1e/d3/26bf1008eb3d2daa8ef4cacc7f3bfdc11818d111f7e2d0201bc6e3b49d45/annotated_doc-0.0.4-py3-none-any.whl", hash = "sha256:571ac1dc6991c450b25a9c2d84a3705e2ae7a53467b5d111c24fa8baabbed320", size = 5303, upload-time = "2025-11-10T22:07:40.673Z" },
]

[[package]]
name = "anyio"
version = "4.12.1"
source = { registry = "https://pypi.org/simple" }
dependencies = [
    { name = "idna" },
    { name = "typing-extensions", marker = "python_full_version < '3.13'" },
]
sdist = { url = "https://files.pythonhosted.org/packages/96/f0/5eb65b2bb0d09ac6776f2eb54adee6abe8228ea05b20a5ad0e4945de8aac/anyio-4.12.1.tar.gz", hash = "sha256:41cfcc3a4c85d3f05c932da7c26d0201ac36f72abd4435ba90d0464a3ffed703", size = 228685, upload-time = "2026-01-06T11:45:21.246Z" }
wheels = [
    { url = "https://files.pythonhosted.org/packages/38/0e/27be9fdef66e72d64c0cdc3cc2823101b80585f8119b5c112c2e8f5f7dab/anyio-4.12.1-py3-none-any.whl", hash = "sha256:d405828884fc140aa80a3c667b8beed277f1dfedec42ba031bd6ac3db606ab6c", size = 113592, upload-time = "2026-01-06T11:45:19.497Z" },
]

[[package]]
name = "beautifulsoup4"
version = "4.14.3"
source = { registry = "https://pypi.org/simple" }
dependencies = [
    { name = "soupsieve" },
    { name = "typing-extensions" },
]
sdist = { url = "https://files.pythonhosted.org/packages/c3/b0/1c6a16426d389813b48d95e26898aff79abbde42ad353958ad95cc8c9b21/beautifulsoup4-4.14.3.tar.gz", hash = "sha256:6292b1c5186d356bba669ef9f7f051757099565ad9ada5dd630bd9de5fa7fb86", size = 627737, upload-time = "2025-11-30T15:08:26.084Z" }
wheels = [
    { url = "https://files.pythonhosted.org/packages/1a/39/47f9197bdd44df24d67ac8893641e16f386c984a0619ef2ee4c51fbbc019/beautifulsoup4-4.14.3-py3-none-any.whl", hash = "sha256:0918bfe44902e6ad8d57732ba310582e98da931428d231a5ecb9e7c703a735bb", size = 107721, upload-time = "2025-11-30T15:08:24.087Z" },
]

[[package]]
name = "bs4"
version = "0.0.2"
source = { registry = "https://pypi.org/simple" }
dependencies = [
    { name = "beautifulsoup4" },
]
sdist = { url = "https://files.pythonhosted.org/packages/c9/aa/4acaf814ff901145da37332e05bb510452ebed97bc9602695059dd46ef39/bs4-0.0.2.tar.gz", hash = "sha256:a48685c58f50fe127722417bae83fe6badf500d54b55f7e39ffe43b798653925", size = 698, upload-time = "2024-01-17T18:15:47.371Z" }
wheels = [
    { url = "https://files.pythonhosted.org/packages/51/bb/bf7aab772a159614954d84aa832c129624ba6c32faa559dfb200a534e50b/bs4-0.0.2-py2.py3-none-any.whl", hash = "sha256:abf8742c0805ef7f662dce4b51cca104cffe52b835238afc169142ab9b3fbccc", size = 1189, upload-time = "2024-01-17T18:15:48.613Z" },
]

[[package]]
name = "certifi"
version = "2026.1.4"
source = { registry = "https://pypi.org/simple" }
sdist = { url = "https://files.pythonhosted.org/packages/e0/2d/a891ca51311197f6ad14a7ef42e2399f36cf2f9bd44752b3dc4eab60fdc5/certifi-2026.1.4.tar.gz", hash = "sha256:ac726dd470482006e014ad384921ed6438c457018f4b3d204aea4281258b2120", size = 154268, upload-time = "2026-01-04T02:42:41.825Z" }
wheels = [
    { url = "https://files.pythonhosted.org/packages/e6/ad/3cc14f097111b4de0040c83a525973216457bbeeb63739ef1ed275c1c021/certifi-2026.1.4-py3-none-any.whl", hash = "sha256:9943707519e4add1115f44c2bc244f782c0249876bf51b6599fee1ffbedd685c", size = 152900, upload-time = "2026-01-04T02:42:40.15Z" },
]

[[package]]
name = "click"
version = "8.3.1"
source = { registry = "https://pypi.org/simple" }
dependencies = [
    { name = "colorama", marker = "sys_platform == 'win32'" },
]
sdist = { url = "https://files.pythonhosted.org/packages/3d/fa/656b739db8587d7b5dfa22e22ed02566950fbfbcdc20311993483657a5c0/click-8.3.1.tar.gz", hash = "sha256:12ff4785d337a1bb490bb7e9c2b1ee5da3112e94a8622f26a6c77f5d2fc6842a", size = 295065, upload-time = "2025-11-15T20:45:42.706Z" }
wheels = [
    { url = "https://files.pythonhosted.org/packages/98/78/01c019cdb5d6498122777c1a43056ebb3ebfeef2076d9d026bfe15583b2b/click-8.3.1-py3-none-any.whl", hash = "sha256:981153a64e25f12d547d3426c367a4857371575ee7ad18df2a6183ab0545b2a6", size = 108274, upload-time = "2025-11-15T20:45:41.139Z" },
]

[[package]]
name = "colorama"
version = "0.4.6"
source = { registry = "https://pypi.org/simple" }
sdist = { url = "https://files.pythonhosted.org/packages/d8/53/6f443c9a4a8358a93a6792e2acffb9d9d5cb0a5cfd8802644b7b1c9a02e4/colorama-0.4.6.tar.gz", hash = "sha256:08695f5cb7ed6e0531a20572697297273c47b8cae5a63ffc6d6ed5c201be6e44", size = 27697, upload-time = "2022-10-25T02:36:22.414Z" }
wheels = [
    { url = "https://files.pythonhosted.org/packages/d1/d6/3965ed04c63042e047cb6a3e6ed1a63a35087b6a609aa3a15ed8ac56c221/colorama-0.4.6-py2.py3-none-any.whl", hash = "sha256:4f1d9991f5acc0ca119f9d443620b77f9d6b33703e51011c16baf57afb285fc6", size = 25335, upload-time = "2022-10-25T02:36:20.889Z" },
]

[[package]]
name = "dominate"
version = "2.9.1"
source = { registry = "https://pypi.org/simple" }
sdist = { url = "https://files.pythonhosted.org/packages/fb/f3/1c8088ff19a0fcd9c3234802a0ee47006ea64bd8852f1019194f0e3583ff/dominate-2.9.1.tar.gz", hash = "sha256:558284687d9b8aae1904e3d6051ad132dd4a8c0cf551b37ea4e7e42a31d19dc4", size = 37715, upload-time = "2023-12-24T20:45:19.192Z" }
wheels = [
    { url = "https://files.pythonhosted.org/packages/58/19/0380af745f151a1648657bbcef0fb49ac28bf09083d94498163ffd9b32dc/dominate-2.9.1-py2.py3-none-any.whl", hash = "sha256:cb7b6b79d33b15ae0a6e87856b984879927c7c2ebb29522df4c75b28ffd9b989", size = 29976, upload-time = "2023-12-24T20:45:17.154Z" },
]

[[package]]
name = "falcon"
version = "4.2.0"
source = { registry = "https://pypi.org/simple" }
sdist = { url = "https://files.pythonhosted.org/packages/ba/15/5a4d8d62e8b338d2ec4430965b51b592695e859d0c6bf104afa1ce927eed/falcon-4.2.0.tar.gz", hash = "sha256:c13e86e49696d6655411fe09473c34997e49ff45e8cdf7576297b0ca71ceac3d", size = 665894, upload-time = "2025-11-10T19:35:46.334Z" }
wheels = [
    { url = "https://files.pythonhosted.org/packages/30/b5/e1c1a66e2347ea4ebcec4211ed8717faf31f6d6f2d61236427f4e447faf1/falcon-4.2.0-cp312-cp312-macosx_11_0_arm64.whl", hash = "sha256:05832f66d54e178ae1df1dffe25c80a076448dc261cf6c50b271051b6cf56f0e", size = 417851, upload-time = "2025-11-10T19:44:23.783Z" },
    { url = "https://files.pythonhosted.org/packages/3b/99/e09f0b10ab34223c56493002f0d93e51bfed110fabf58bccab097124b6b9/falcon-4.2.0-cp312-cp312-manylinux2014_aarch64.manylinux_2_17_aarch64.manylinux_2_28_aarch64.whl", hash = "sha256:2f7d454888ed6238f6d00406bfedf976b05157e001fc6a18a473ec1e2be35e6c", size = 880361, upload-time = "2025-11-10T19:44:25.597Z" },
    { url = "https://files.pythonhosted.org/packages/e3/f5/685b0521043041982f86cbf25763dc644b4ac7f8cbd5db451a22f9f5b134/falcon-4.2.0-cp312-cp312-manylinux2014_s390x.manylinux_2_17_s390x.manylinux_2_28_s390x.whl", hash = "sha256:353c69fe78b23dfa4fbe0ae78aa7d1ec2fe1c9db3c46b5a3e20d8f731b483b65", size = 921696, upload-time = "2025-11-10T19:44:27.232Z" },
    { url = "https://files.pythonhosted.org/packages/72/fd/e34d2b9dc0a203d1322159ea1c30842d86e78b4be8bd3e55bebb00e10777/falcon-4.2.0-cp312-cp312-manylinux2014_x86_64.manylinux_2_17_x86_64.manylinux_2_28_x86_64.whl", hash = "sha256:66db3bd0e51723b299e31746a6c28c063ee0048988d9ef2f1d05245fd97bebf8", size = 888376, upload-time = "2025-11-10T19:44:29.015Z" },
    { url = "https://files.pythonhosted.org/packages/c7/25/985d4aca30edc48f38d5074de7a97ed192aa688a573579fc246f1056e624/falcon-4.2.0-cp312-cp312-musllinux_1_2_aarch64.whl", hash = "sha256:5d89a61285b49fb503c30cb11203694aba6d3e0f2e7cc5cad3676ce221d3a514", size = 867429, upload-time = "2025-11-10T19:44:31.383Z" },
    { url = "https://files.pythonhosted.org/packages/36/a1/1c2dd65b0a4ac2143051e2cb847096832f387f6f6bdd235577e37e45b323/falcon-4.2.0-cp312-cp312-musllinux_1_2_x86_64.whl", hash = "sha256:02d3b1fb18393ed55315e04533eefd3f86d85d294212bf49895c5768007e58c9", size = 884596, upload-time = "2025-11-10T19:44:33.267Z" },
    { url = "https://files.pythonhosted.org/packages/48/7c/1458dcb1cfef59e5176740b8330b477163dc8eaeb733070614a280ae8692/falcon-4.2.0-cp312-cp312-win_amd64.whl", hash = "sha256:d3c9882f8bf98bd2bf0ab2a9378c108dfba33a41625cfe2f8106e060258b52ef", size = 412748, upload-time = "2025-11-10T19:44:34.969Z" },
    { url = "https://files.pythonhosted.org/packages/c0/4e/297ea3daeca5421e9a3ab10f18de6b8abcd226e8e10963a793de30826868/falcon-4.2.0-cp313-cp313-macosx_11_0_arm64.whl", hash = "sha256:00363f9d9273a1281ca7aa1d9dbecea09c172e7bb08e0acefa0a0234a3f94593", size = 417146, upload-time = "2025-11-10T19:44:36.5Z" },
    { url = "https://files.pythonhosted.org/packages/a4/5b/2614b6b77708a4322bbf8f17ae4218cf05ebcb536e77376744d52da7bc6c/falcon-4.2.0-cp313-cp313-manylinux2014_aarch64.manylinux_2_17_aarch64.manylinux_2_28_aarch64.whl", hash = "sha256:cd2059695f107e867fd12141d05771d5c6cbecc30a135f7d91ef06bfea94f05e", size = 861029, upload-time = "2025-11-10T19:44:38.214Z" },
    { url = "https://files.pythonhosted.org/packages/02/8e/77f9a539f119874e3d17cfeb2317b1053ab20dc8a0a83d31519bff8eeb84/falcon-4.2.0-cp313-cp313-manylinux2014_s390x.manylinux_2_17_s390x.manylinux_2_28_s390x.whl", hash = "sha256:e0b1f69a97b3406feba07f41dde177b4c3dfa7046f6b977d4554772dc26252e7", size = 899879, upload-time = "2025-11-10T19:44:40.006Z" },
    { url = "https://files.pythonhosted.org/packages/10/07/2a2b28e7170cedd085398a1024344aafb64645edd4d527f9c4055acde524/falcon-4.2.0-cp313-cp313-manylinux2014_x86_64.manylinux_2_17_x86_64.manylinux_2_28_x86_64.whl", hash = "sha256:4a54fa6c5f8a428a2e9b7ff7b936c566fe7bdcc50f965cea37fee9523eab1b74", size = 870266, upload-time = "2025-11-10T19:44:41.97Z" },
    { url = "https://files.pythonhosted.org/packages/b3/15/7251ec24c8adef5d53cbde701eb057ec63c1697fe8deb1bda4c2f39dc4d9/falcon-4.2.0-cp313-cp313-musllinux_1_2_aarch64.whl", hash = "sha256:801e2c77c72b1777d09be7a72163b38209f5f9e42930bfe3dfdf027e7d84d035", size = 850215, upload-time = "2025-11-10T19:44:43.633Z" },
    { url = "https://files.pythonhosted.org/packages/41/10/46a8dc6bbdb6eaca3ebac6afedc54084455cb928358b322ccbd815009f3a/falcon-4.2.0-cp313-cp313-musllinux_1_2_x86_64.whl", hash = "sha256:f998402bf889cdd23cde29e7421469cdf2ef95afc71b2cdef7ed4957d0cd97f6", size = 866901, upload-time = "2025-11-10T19:44:45.576Z" },
    { url = "https://files.pythonhosted.org/packages/1b/00/52149f315d7cc2c2ca1964906b35eb13eacc3d08192103b5829882902e77/falcon-4.2.0-cp313-cp313-win_amd64.whl", hash = "sha256:584d000e9ffae5044f5fe6bf74d399edebb54926bb4a133d3caf03e529b8c616", size = 411913, upload-time = "2025-11-10T19:44:47.28Z" },
    { url = "https://files.pythonhosted.org/packages/fc/3d/768211a8fe05f3a5ebfa78b481e860acbd68fc813692384bf92134046564/falcon-4.2.0-cp314-cp314-macosx_11_0_arm64.whl", hash = "sha256:ae9304c60b5fe84ffb35e91e1a1f071543a303edb252999800531ea01133c0d4", size = 418228, upload-time = "2025-11-10T19:44:48.905Z" },
    { url = "https://files.pythonhosted.org/packages/2d/66/ff03c5f75c0106d68744585d099f6de4cd279338fb7f6cb2173b7ea77c07/falcon-4.2.0-cp314-cp314-manylinux2014_aarch64.manylinux_2_17_aarch64.manylinux_2_28_aarch64.whl", hash = "sha256:16533a0ade619cc8e7f670330d4c12fa0bff74de88bfb29f3d3cf1b2023d31b8", size = 862543, upload-time = "2025-11-10T19:44:50.823Z" },
    { url = "https://files.pythonhosted.org/packages/8c/7a/5472153506db663531e50a4c47325eb9c837d6f0dbfccaa5fe54cc4dad8f/falcon-4.2.0-cp314-cp314-manylinux2014_s390x.manylinux_2_17_s390x.manylinux_2_28_s390x.whl", hash = "sha256:1f3ddffc958d4e625281a321164c77ebbf537c0f2f5290b06ee1144b90386a5f", size = 896541, upload-time = "2025-11-10T19:44:52.265Z" },
    { url = "https://files.pythonhosted.org/packages/4f/9b/11c0abc444795087c8d60e070383531ce7d35b4acca59adf37a468f956f6/falcon-4.2.0-cp314-cp314-manylinux2014_x86_64.manylinux_2_17_x86_64.manylinux_2_28_x86_64.whl", hash = "sha256:d0c501f8206b9bf361826bfe8f108c7368afcae64df3ed38589b9becefdfad63", size = 865903, upload-time = "2025-11-10T19:44:54.075Z" },
    { url = "https://files.pythonhosted.org/packages/1f/cd/98edd3a09aede9b22add51b803e386b9a5199bc13b6b8532fdae6c71ed91/falcon-4.2.0-cp314-cp314-musllinux_1_2_aarch64.whl", hash = "sha256:402f38101b434415ecff72e5aa440c4f71ab45a879f455ab7d5655050e8ed218", size = 851981, upload-time = "2025-11-10T19:44:55.826Z" },
    { url = "https://files.pythonhosted.org/packages/35/b5/4d0d70efd0f8fec641e7f500fdaab093b92062d103a4ca8979a17f81f6ce/falcon-4.2.0-cp314-cp314-musllinux_1_2_x86_64.whl", hash = "sha256:2ca9194a3e8a9eace3bc0efaef50b4244beabd75cdd716611e244646efc6828a", size = 864967, upload-time = "2025-11-10T19:44:57.671Z" },
    { url = "https://files.pythonhosted.org/packages/b6/9c/1dc2f1cae75163c4cd1b89a7fe95971ed139d41a4c0c8c80a98319ab8673/falcon-4.2.0-cp314-cp314-win_amd64.whl", hash = "sha256:e0bd6384952b9e12d3ae84675df4862bdbaa1111cd52db17d70cdf60f8abe4b6", size = 414564, upload-time = "2025-11-10T19:44:59.49Z" },
    { url = "https://files.pythonhosted.org/packages/83/2c/598bcac53375ad12e8691efdac9fa98df6118dba5810c20904aa9677ae63/falcon-4.2.0-cp314-cp314t-manylinux2014_aarch64.manylinux_2_17_aarch64.manylinux_2_28_aarch64.whl", hash = "sha256:de67c7ed58a124f9f04337d254ec9db0e9fa0772d25f1c8f260c1c47878dc556", size = 979145, upload-time = "2025-11-10T19:45:00.961Z" },
    { url = "https://files.pythonhosted.org/packages/2f/29/4dfe7abea2a4c684ce8c1fd715e03eb4053f23af20a697cc9f078432bf8a/falcon-4.2.0-cp314-cp314t-manylinux2014_x86_64.manylinux_2_17_x86_64.manylinux_2_28_x86_64.whl", hash = "sha256:bd8c19241aa66ecf494cd16d1cdc71de2cfbb3f76cafb7176e92708786001340", size = 966332, upload-time = "2025-11-10T19:45:02.813Z" },
    { url = "https://files.pythonhosted.org/packages/f2/7a/d8c713978a5f1b99a2431d06823dd84157c2824dcbf0f7f92157477c8e83/falcon-4.2.0-cp314-cp314t-musllinux_1_2_aarch64.whl", hash = "sha256:aef6cd21a6e1b51c79038ff2e0b30746a68c7710307e5f5f0839338d7129577c", size = 951844, upload-time = "2025-11-10T19:45:05.999Z" },
    { url = "https://files.pythonhosted.org/packages/22/63/7593a5212c62e9cda7b62b214f7fc73826ceaa5bb983e5536c7cdebf7ac5/falcon-4.2.0-cp314-cp314t-musllinux_1_2_x86_64.whl", hash = "sha256:6c132bb94351bddde993aad5147f9f3d9a942e2d93aece9d693723fb96fc8f51", size = 957947, upload-time = "2025-11-10T19:45:07.653Z" },
    { url = "https://files.pythonhosted.org/packages/59/27/502e9778d40f5f8ff2979c40a019733bfc9aacf249a89633666708407899/falcon-4.2.0-py3-none-any.whl", hash = "sha256:1d64afeca0dc03e7bed0202681dab4844544d8f6855c23e13f11a6eb10ac50ff", size = 324638, upload-time = "2025-11-10T19:35:43.812Z" },
]

[[package]]
name = "h11"
version = "0.16.0"
source = { registry = "https://pypi.org/simple" }
sdist = { url = "https://files.pythonhosted.org/packages/01/ee/02a2c011bdab74c6fb3c75474d40b3052059d95df7e73351460c8588d963/h11-0.16.0.tar.gz", hash = "sha256:4e35b956cf45792e4caa5885e69fba00bdbc6ffafbfa020300e549b208ee5ff1", size = 101250, upload-time = "2025-04-24T03:35:25.427Z" }
wheels = [
    { url = "https://files.pythonhosted.org/packages/04/4b/29cac41a4d98d144bf5f6d33995617b185d14b22401f75ca86f384e87ff1/h11-0.16.0-py3-none-any.whl", hash = "sha256:63cf8bbe7522de3bf65932fda1d9c2772064ffb3dae62d55932da54b31cb6c86", size = 37515, upload-time = "2025-04-24T03:35:24.344Z" },
]

[[package]]
name = "html5lib"
version = "1.1"
source = { registry = "https://pypi.org/simple" }
dependencies = [
    { name = "six" },
    { name = "webencodings" },
]
sdist = { url = "https://files.pythonhosted.org/packages/ac/b6/b55c3f49042f1df3dcd422b7f224f939892ee94f22abcf503a9b7339eaf2/html5lib-1.1.tar.gz", hash = "sha256:b2e5b40261e20f354d198eae92afc10d750afb487ed5e50f9c4eaf07c184146f", size = 272215, upload-time = "2020-06-22T23:32:38.834Z" }
wheels = [
    { url = "https://files.pythonhosted.org/packages/6c/dd/a834df6482147d48e225a49515aabc28974ad5a4ca3215c18a882565b028/html5lib-1.1-py2.py3-none-any.whl", hash = "sha256:0d78f8fde1c230e99fe37986a60526d7049ed4bf8a9fadbad5f00e22e58e041d", size = 112173, upload-time = "2020-06-22T23:32:36.781Z" },
]

[[package]]
name = "html5rdf"
version = "1.2.1"
source = { registry = "https://pypi.org/simple" }
sdist = { url = "https://files.pythonhosted.org/packages/4c/55/1b839c43f5ed8207e17a9a02d8b395179520b8b4f00c00a41e113bc205ca/html5rdf-1.2.1.tar.gz", hash = "sha256:ace9b420ce52995bb4f05e7425eedf19e433c981dfe7a831ab391e2fa2e1a195", size = 287899, upload-time = "2024-10-30T05:06:56.384Z" }
wheels = [
    { url = "https://files.pythonhosted.org/packages/7d/c9/f6e1e8567660bc5b0aba281f2b0017b2a7665fcad6bf3ed67286a0c72cd4/html5rdf-1.2.1-py2.py3-none-any.whl", hash = "sha256:1f519121bc366af3e485310dc8041d2e86e5173c1a320fac3dc9d2604069b83e", size = 109765, upload-time = "2024-10-30T05:06:52.507Z" },
]

[[package]]
name = "httpcore"
version = "1.0.9"
source = { registry = "https://pypi.org/simple" }
dependencies = [
    { name = "certifi" },
    { name = "h11" },
]
sdist = { url = "https://files.pythonhosted.org/packages/06/94/82699a10bca87a5556c9c59b5963f2d039dbd239f25bc2a63907a05a14cb/httpcore-1.0.9.tar.gz", hash = "sha256:6e34463af53fd2ab5d807f399a9b45ea31c3dfa2276f15a2c3f00afff6e176e8", size = 85484, upload-time = "2025-04-24T22:06:22.219Z" }
wheels = [
    { url = "https://files.pythonhosted.org/packages/7e/f5/f66802a942d491edb555dd61e3a9961140fd64c90bce1eafd741609d334d/httpcore-1.0.9-py3-none-any.whl", hash = "sha256:2d400746a40668fc9dec9810239072b40b4484b640a8c38fd654a024c7a1bf55", size = 78784, upload-time = "2025-04-24T22:06:20.566Z" },
]

[[package]]
name = "httpx"
version = "0.28.1"
source = { registry = "https://pypi.org/simple" }
dependencies = [
    { name = "anyio" },
    { name = "certifi" },
    { name = "httpcore" },
    { name = "idna" },
]
sdist = { url = "https://files.pythonhosted.org/packages/b1/df/48c586a5fe32a0f01324ee087459e112ebb7224f646c0b5023f5e79e9956/httpx-0.28.1.tar.gz", hash = "sha256:75e98c5f16b0f35b567856f597f06ff2270a374470a5c2392242528e3e3e42fc", size = 141406, upload-time = "2024-12-06T15:37:23.222Z" }
wheels = [
    { url = "https://files.pythonhosted.org/packages/2a/39/e50c7c3a983047577ee07d2a9e53faf5a69493943ec3f6a384bdc792deb2/httpx-0.28.1-py3-none-any.whl", hash = "sha256:d909fcccc110f8c7faf814ca82a9a4d816bc5a6dbfea25d6591d6985b8ba59ad", size = 73517, upload-time = "2024-12-06T15:37:21.509Z" },
]

[[package]]
name = "idna"
version = "3.11"
source = { registry = "https://pypi.org/simple" }
sdist = { url = "https://files.pythonhosted.org/packages/6f/6d/0703ccc57f3a7233505399edb88de3cbd678da106337b9fcde432b65ed60/idna-3.11.tar.gz", hash = "sha256:795dafcc9c04ed0c1fb032c2aa73654d8e8c5023a7df64a53f39190ada629902", size = 194582, upload-time = "2025-10-12T14:55:20.501Z" }
wheels = [
    { url = "https://files.pythonhosted.org/packages/0e/61/66938bbb5fc52dbdf84594873d5b51fb1f7c7794e9c0f5bd885f30bc507b/idna-3.11-py3-none-any.whl", hash = "sha256:771a87f49d9defaf64091e6e6fe9c18d4833f140bd19464795bc32d966ca37ea", size = 71008, upload-time = "2025-10-12T14:55:18.883Z" },
]

[[package]]
name = "iniconfig"
version = "2.1.0"
source = { registry = "https://pypi.org/simple" }
sdist = { url = "https://files.pythonhosted.org/packages/f2/97/ebf4da567aa6827c909642694d71c9fcf53e5b504f2d96afea02718862f3/iniconfig-2.1.0.tar.gz", hash = "sha256:3abbd2e30b36733fee78f9c7f7308f2d0050e88f0087fd25c2645f63c773e1c7", size = 4793, upload-time = "2025-03-19T20:09:59.721Z" }
wheels = [
    { url = "https://files.pythonhosted.org/packages/2c/e1/e6716421ea10d38022b952c159d5161ca1193197fb744506875fbb87ea7b/iniconfig-2.1.0-py3-none-any.whl", hash = "sha256:9deba5723312380e77435581c6bf4935c94cbfab9b1ed33ef8d238ea168eb760", size = 6050, upload-time = "2025-03-19T20:10:01.071Z" },
]

[[package]]
name = "kurra"
version = "2.3.0"
source = { registry = "https://pypi.org/simple" }
dependencies = [
    { name = "httpx" },
    { name = "pyshacl" },
    { name = "rdflib" },
    { name = "rich" },
    { name = "shacl-rules" },
    { name = "sparqlkit" },
    { name = "typer" },
]
sdist = { url = "https://files.pythonhosted.org/packages/2e/20/5ce19e09e7c254532c73bd7bc20d9e79cd661663973f4aeea538b5701f38/kurra-2.3.0.tar.gz", hash = "sha256:c91a89409a242245b5b1e11e27bc278765aa8090cb00a606d7eb1fd294eb05fe", size = 105567, upload-time = "2026-03-08T09:28:26.943Z" }
wheels = [
    { url = "https://files.pythonhosted.org/packages/9c/27/4810c93cbae3251136b578ddf1c1943a13e0c4ff4022e3325f75dd61a1fd/kurra-2.3.0-py3-none-any.whl", hash = "sha256:f9eca927b4f26f9724809bbfec8cde5912630b2e44c8954e80e5b9cfc5c8c734", size = 33915, upload-time = "2026-03-08T09:28:25.479Z" },
]

[[package]]
name = "lark"
version = "1.3.1"
source = { registry = "https://pypi.org/simple" }
sdist = { url = "https://files.pythonhosted.org/packages/da/34/28fff3ab31ccff1fd4f6c7c7b0ceb2b6968d8ea4950663eadcb5720591a0/lark-1.3.1.tar.gz", hash = "sha256:b426a7a6d6d53189d318f2b6236ab5d6429eaf09259f1ca33eb716eed10d2905", size = 382732, upload-time = "2025-10-27T18:25:56.653Z" }
wheels = [
    { url = "https://files.pythonhosted.org/packages/82/3d/14ce75ef66813643812f3093ab17e46d3a206942ce7376d31ec2d36229e7/lark-1.3.1-py3-none-any.whl", hash = "sha256:c629b661023a014c37da873b4ff58a817398d12635d3bbb2c5a03be7fe5d1e12", size = 113151, upload-time = "2025-10-27T18:25:54.882Z" },
]

[[package]]
name = "markdown"
version = "3.9"
source = { registry = "https://pypi.org/simple" }
sdist = { url = "https://files.pythonhosted.org/packages/8d/37/02347f6d6d8279247a5837082ebc26fc0d5aaeaf75aa013fcbb433c777ab/markdown-3.9.tar.gz", hash = "sha256:d2900fe1782bd33bdbbd56859defef70c2e78fc46668f8eb9df3128138f2cb6a", size = 364585, upload-time = "2025-09-04T20:25:22.885Z" }
wheels = [
    { url = "https://files.pythonhosted.org/packages/70/ae/44c4a6a4cbb496d93c6257954260fe3a6e91b7bed2240e5dad2a717f5111/markdown-3.9-py3-none-any.whl", hash = "sha256:9f4d91ed810864ea88a6f32c07ba8bee1346c0cc1f6b1f9f6c822f2a9667d280", size = 107441, upload-time = "2025-09-04T20:25:21.784Z" },
]

[[package]]
name = "markdown-it-py"
version = "4.0.0"
source = { registry = "https://pypi.org/simple" }
dependencies = [
    { name = "mdurl" },
]
sdist = { url = "https://files.pythonhosted.org/packages/5b/f5/4ec618ed16cc4f8fb3b701563655a69816155e79e24a17b651541804721d/markdown_it_py-4.0.0.tar.gz", hash = "sha256:cb0a2b4aa34f932c007117b194e945bd74e0ec24133ceb5bac59009cda1cb9f3", size = 73070, upload-time = "2025-08-11T12:57:52.854Z" }
wheels = [
    { url = "https://files.pythonhosted.org/packages/94/54/e7d793b573f298e1c9013b8c4dade17d481164aa517d1d7148619c2cedbf/markdown_it_py-4.0.0-py3-none-any.whl", hash = "sha256:87327c59b172c5011896038353a81343b6754500a08cd7a4973bb48c6d578147", size = 87321, upload-time = "2025-08-11T12:57:51.923Z" },
]

[[package]]
name = "mdurl"
version = "0.1.2"
source = { registry = "https://pypi.org/simple" }
sdist = { url = "https://files.pythonhosted.org/packages/d6/54/cfe61301667036ec958cb99bd3efefba235e65cdeb9c84d24a8293ba1d90/mdurl-0.1.2.tar.gz", hash = "sha256:bb413d29f5eea38f31dd4754dd7377d4465116fb207585f97bf925588687c1ba", size = 8729, upload-time = "2022-08-14T12:40:10.846Z" }
wheels = [
    { url = "https://files.pythonhosted.org/packages/b3/38/89ba8ad64ae25be8de66a6d463314cf1eb366222074cfda9ee839c56a4b4/mdurl-0.1.2-py3-none-any.whl", hash = "sha256:84008a41e51615a49fc9966191ff91509e3c40b939176e643fd50a5c2196b8f8", size = 9979, upload-time = "2022-08-14T12:40:09.779Z" },
]

[[package]]
name = "owlrl"
version = "7.1.4"
source = { registry = "https://pypi.org/simple" }
dependencies = [
    { name = "rdflib" },
]
sdist = { url = "https://files.pythonhosted.org/packages/d1/fc/ce12482d096d65fff01af58f555a6f25e9dbf416fad5d99f91eaab0e11ca/owlrl-7.1.4.tar.gz", hash = "sha256:60bd4067e346b9111f0a2924565afe97ac6595b98b2bbe953928b5113971daf7", size = 44420, upload-time = "2025-07-29T00:17:27.608Z" }
wheels = [
    { url = "https://files.pythonhosted.org/packages/de/78/f857ff1a7207e967dc5e8414bbcc15e0aa5cf45f693b1d2ebe2afb3eb1ce/owlrl-7.1.4-py3-none-any.whl", hash = "sha256:e78b46020169783345636da93a467d318f18700c483184dd15e885850cf64775", size = 51981, upload-time = "2025-07-29T00:17:26.229Z" },
]

[[package]]
name = "packaging"
version = "26.0"
source = { registry = "https://pypi.org/simple" }
sdist = { url = "https://files.pythonhosted.org/packages/65/ee/299d360cdc32edc7d2cf530f3accf79c4fca01e96ffc950d8a52213bd8e4/packaging-26.0.tar.gz", hash = "sha256:00243ae351a257117b6a241061796684b084ed1c516a08c48a3f7e147a9d80b4", size = 143416, upload-time = "2026-01-21T20:50:39.064Z" }
wheels = [
    { url = "https://files.pythonhosted.org/packages/b7/b9/c538f279a4e237a006a2c98387d081e9eb060d203d8ed34467cc0f0b9b53/packaging-26.0-py3-none-any.whl", hash = "sha256:b36f1fef9334a5588b4166f8bcd26a14e521f2b55e6b9de3aaa80d3ff7a37529", size = 74366, upload-time = "2026-01-21T20:50:37.788Z" },
]

[[package]]
name = "pluggy"
version = "1.6.0"
source = { registry = "https://pypi.org/simple" }
sdist = { url = "https://files.pythonhosted.org/packages/f9/e2/3e91f31a7d2b083fe6ef3fa267035b518369d9511ffab804f839851d2779/pluggy-1.6.0.tar.gz", hash = "sha256:7dcc130b76258d33b90f61b658791dede3486c3e6bfb003ee5c9bfb396dd22f3", size = 69412, upload-time = "2025-05-15T12:30:07.975Z" }
wheels = [
    { url = "https://files.pythonhosted.org/packages/54/20/4d324d65cc6d9205fabedc306948156824eb9f0ee1633355a8f7ec5c66bf/pluggy-1.6.0-py3-none-any.whl", hash = "sha256:e920276dd6813095e9377c0bc5566d94c932c33b27a3e3945d8389c374dd4746", size = 20538, upload-time = "2025-05-15T12:30:06.134Z" },
]

[[package]]
name = "prettytable"
version = "3.17.0"
source = { registry = "https://pypi.org/simple" }
dependencies = [
    { name = "wcwidth" },
]
sdist = { url = "https://files.pythonhosted.org/packages/79/45/b0847d88d6cfeb4413566738c8bbf1e1995fad3d42515327ff32cc1eb578/prettytable-3.17.0.tar.gz", hash = "sha256:59f2590776527f3c9e8cf9fe7b66dd215837cca96a9c39567414cbc632e8ddb0", size = 67892, upload-time = "2025-11-14T17:33:20.212Z" }
wheels = [
    { url = "https://files.pythonhosted.org/packages/ee/8c/83087ebc47ab0396ce092363001fa37c17153119ee282700c0713a195853/prettytable-3.17.0-py3-none-any.whl", hash = "sha256:aad69b294ddbe3e1f95ef8886a060ed1666a0b83018bbf56295f6f226c43d287", size = 34433, upload-time = "2025-11-14T17:33:19.093Z" },
]

[[package]]
name = "pygments"
version = "2.19.2"
source = { registry = "https://pypi.org/simple" }
sdist = { url = "https://files.pythonhosted.org/packages/b0/77/a5b8c569bf593b0140bde72ea885a803b82086995367bf2037de0159d924/pygments-2.19.2.tar.gz", hash = "sha256:636cb2477cec7f8952536970bc533bc43743542f70392ae026374600add5b887", size = 4968631, upload-time = "2025-06-21T13:39:12.283Z" }
wheels = [
    { url = "https://files.pythonhosted.org/packages/c7/21/705964c7812476f378728bdf590ca4b771ec72385c533964653c68e86bdc/pygments-2.19.2-py3-none-any.whl", hash = "sha256:86540386c03d588bb81d44bc3928634ff26449851e99741617ecb9037ee5ec0b", size = 1225217, upload-time = "2025-06-21T13:39:07.939Z" },
]

[[package]]
name = "pylode"
version = "3.4.3a0"
source = { editable = "." }
dependencies = [
    { name = "dominate" },
    { name = "html5lib" },
    { name = "httpx" },
    { name = "kurra" },
    { name = "markdown" },
    { name = "rdflib" },
    { name = "tqdm" },
]

[package.optional-dependencies]
server = [
    { name = "bs4" },
    { name = "falcon" },
    { name = "validators" },
]

[package.dev-dependencies]
dev = [
    { name = "pytest" },
    { name = "ruff" },
]

[package.metadata]
requires-dist = [
    { name = "bs4", marker = "extra == 'server'", specifier = ">=0.0.2" },
    { name = "dominate", specifier = ">=2.6.0,<3" },
    { name = "falcon", marker = "extra == 'server'", specifier = ">=4.2.0" },
    { name = "html5lib", specifier = ">=1.1,<2" },
    { name = "httpx", specifier = ">=0.25.0,<1.0.0" },
    { name = "kurra", specifier = ">=2.3.0" },
    { name = "markdown", specifier = ">=3.3.7,<4" },
    { name = "rdflib", specifier = ">=7.5.0,<8.0.0" },
    { name = "tqdm", specifier = ">=4.67.3" },
    { name = "validators", marker = "extra == 'server'", specifier = ">=0.35.0" },
]
provides-extras = ["server"]

[package.metadata.requires-dev]
dev = [
    { name = "pyinstaller", marker = "python_full_version >= '3.9' and python_full_version < '3.11'", specifier = ">=6.0,<7" },
    { name = "pytest", specifier = ">=7.2.0,<10" },
    { name = "ruff", specifier = ">=0.9.0" },
]

[[package]]
name = "pyparsing"
version = "3.3.2"
source = { registry = "https://pypi.org/simple" }
sdist = { url = "https://files.pythonhosted.org/packages/f3/91/9c6ee907786a473bf81c5f53cf703ba0957b23ab84c264080fb5a450416f/pyparsing-3.3.2.tar.gz", hash = "sha256:c777f4d763f140633dcb6d8a3eda953bf7a214dc4eff598413c070bcdc117cbc", size = 6851574, upload-time = "2026-01-21T03:57:59.36Z" }
wheels = [
    { url = "https://files.pythonhosted.org/packages/10/bd/c038d7cc38edc1aa5bf91ab8068b63d4308c66c4c8bb3cbba7dfbc049f9c/pyparsing-3.3.2-py3-none-any.whl", hash = "sha256:850ba148bd908d7e2411587e247a1e4f0327839c40e2e5e6d05a007ecc69911d", size = 122781, upload-time = "2026-01-21T03:57:55.912Z" },
]

[[package]]
name = "pyshacl"
version = "0.30.0"
source = { registry = "https://pypi.org/simple" }
dependencies = [
    { name = "owlrl" },
    { name = "packaging" },
    { name = "prettytable" },
    { name = "rdflib", extra = ["html"] },
]
sdist = { url = "https://files.pythonhosted.org/packages/67/3b/4621cca0f67a2c8365ed00443b8c327cbd1b2ff94015d0b9636f0829a2ec/pyshacl-0.30.0.tar.gz", hash = "sha256:449188b07ca46681097d732e9308d42c211ee903784742f8c3e8a0e36e98f728", size = 1390566, upload-time = "2025-01-24T07:13:31.53Z" }
wheels = [
    { url = "https://files.pythonhosted.org/packages/26/d8/3f264ed379538791dcf5bbdd6ada4deb72e0d356e4614a00b3f4c784c482/pyshacl-0.30.0-py3-none-any.whl", hash = "sha256:093fa7b203bf5ae5f43490f0367ea71933a8b585e300680fcc442d2d6ac62c08", size = 1290456, upload-time = "2025-01-24T07:13:28.799Z" },
]

[[package]]
name = "pytest"
version = "9.0.3"
source = { registry = "https://pypi.org/simple" }
dependencies = [
    { name = "colorama", marker = "sys_platform == 'win32'" },
    { name = "iniconfig" },
    { name = "packaging" },
    { name = "pluggy" },
    { name = "pygments" },
]
sdist = { url = "https://files.pythonhosted.org/packages/7d/0d/549bd94f1a0a402dc8cf64563a117c0f3765662e2e668477624baeec44d5/pytest-9.0.3.tar.gz", hash = "sha256:b86ada508af81d19edeb213c681b1d48246c1a91d304c6c81a427674c17eb91c", size = 1572165, upload-time = "2026-04-07T17:16:18.027Z" }
wheels = [
    { url = "https://files.pythonhosted.org/packages/d4/24/a372aaf5c9b7208e7112038812994107bc65a84cd00e0354a88c2c77a617/pytest-9.0.3-py3-none-any.whl", hash = "sha256:2c5efc453d45394fdd706ade797c0a81091eccd1d6e4bccfcd476e2b8e0ab5d9", size = 375249, upload-time = "2026-04-07T17:16:16.13Z" },
]

[[package]]
name = "rdflib"
version = "7.5.0"
source = { registry = "https://pypi.org/simple" }
dependencies = [
    { name = "pyparsing" },
]
sdist = { url = "https://files.pythonhosted.org/packages/ec/1b/4cd9a29841951371304828d13282e27a5f25993702c7c87dcb7e0604bd25/rdflib-7.5.0.tar.gz", hash = "sha256:663083443908b1830e567350d72e74d9948b310f827966358d76eebdc92bf592", size = 4903859, upload-time = "2025-11-28T05:51:54.562Z" }
wheels = [
    { url = "https://files.pythonhosted.org/packages/b9/20/35d2baebacf357b562bd081936b66cd845775442973cb033a377fd639a84/rdflib-7.5.0-py3-none-any.whl", hash = "sha256:b011dfc40d0fc8a44252e906dcd8fc806a7859bc231be190c37e9568a31ac572", size = 587215, upload-time = "2025-11-28T05:51:38.178Z" },
]

[package.optional-dependencies]
html = [
    { name = "html5rdf" },
]

[[package]]
name = "rich"
version = "14.3.3"
source = { registry = "https://pypi.org/simple" }
dependencies = [
    { name = "markdown-it-py" },
    { name = "pygments" },
]
sdist = { url = "https://files.pythonhosted.org/packages/b3/c6/f3b320c27991c46f43ee9d856302c70dc2d0fb2dba4842ff739d5f46b393/rich-14.3.3.tar.gz", hash = "sha256:b8daa0b9e4eef54dd8cf7c86c03713f53241884e814f4e2f5fb342fe520f639b", size = 230582, upload-time = "2026-02-19T17:23:12.474Z" }
wheels = [
    { url = "https://files.pythonhosted.org/packages/14/25/b208c5683343959b670dc001595f2f3737e051da617f66c31f7c4fa93abc/rich-14.3.3-py3-none-any.whl", hash = "sha256:793431c1f8619afa7d3b52b2cdec859562b950ea0d4b6b505397612db8d5362d", size = 310458, upload-time = "2026-02-19T17:23:13.732Z" },
]

[[package]]
name = "rich-click"
version = "1.9.7"
source = { registry = "https://pypi.org/simple" }
dependencies = [
    { name = "click" },
    { name = "colorama", marker = "sys_platform == 'win32'" },
    { name = "rich" },
]
sdist = { url = "https://files.pythonhosted.org/packages/04/27/091e140ea834272188e63f8dd6faac1f5c687582b687197b3e0ec3c78ebf/rich_click-1.9.7.tar.gz", hash = "sha256:022997c1e30731995bdbc8ec2f82819340d42543237f033a003c7b1f843fc5dc", size = 74838, upload-time = "2026-01-31T04:29:27.707Z" }
wheels = [
    { url = "https://files.pythonhosted.org/packages/ca/e5/d708d262b600a352abe01c2ae360d8ff75b0af819b78e9af293191d928e6/rich_click-1.9.7-py3-none-any.whl", hash = "sha256:2f99120fca78f536e07b114d3b60333bc4bb2a0969053b1250869bcdc1b5351b", size = 71491, upload-time = "2026-01-31T04:29:26.777Z" },
]

[[package]]
name = "ruff"
version = "0.14.3"
source = { registry = "https://pypi.org/simple" }
sdist = { url = "https://files.pythonhosted.org/packages/75/62/50b7727004dfe361104dfbf898c45a9a2fdfad8c72c04ae62900224d6ecf/ruff-0.14.3.tar.gz", hash = "sha256:4ff876d2ab2b161b6de0aa1f5bd714e8e9b4033dc122ee006925fbacc4f62153", size = 5558687, upload-time = "2025-10-31T00:26:26.878Z" }
wheels = [
    { url = "https://files.pythonhosted.org/packages/ce/8e/0c10ff1ea5d4360ab8bfca4cb2c9d979101a391f3e79d2616c9bf348cd26/ruff-0.14.3-py3-none-linux_armv6l.whl", hash = "sha256:876b21e6c824f519446715c1342b8e60f97f93264012de9d8d10314f8a79c371", size = 12535613, upload-time = "2025-10-31T00:25:44.302Z" },
    { url = "https://files.pythonhosted.org/packages/d3/c8/6724f4634c1daf52409fbf13fefda64aa9c8f81e44727a378b7b73dc590b/ruff-0.14.3-py3-none-macosx_10_12_x86_64.whl", hash = "sha256:b6fd8c79b457bedd2abf2702b9b472147cd860ed7855c73a5247fa55c9117654", size = 12855812, upload-time = "2025-10-31T00:25:47.793Z" },
    { url = "https://files.pythonhosted.org/packages/de/03/db1bce591d55fd5f8a08bb02517fa0b5097b2ccabd4ea1ee29aa72b67d96/ruff-0.14.3-py3-none-macosx_11_0_arm64.whl", hash = "sha256:71ff6edca490c308f083156938c0c1a66907151263c4abdcb588602c6e696a14", size = 11944026, upload-time = "2025-10-31T00:25:49.657Z" },
    { url = "https://files.pythonhosted.org/packages/0b/75/4f8dbd48e03272715d12c87dc4fcaaf21b913f0affa5f12a4e9c6f8a0582/ruff-0.14.3-py3-none-manylinux_2_17_aarch64.manylinux2014_aarch64.whl", hash = "sha256:786ee3ce6139772ff9272aaf43296d975c0217ee1b97538a98171bf0d21f87ed", size = 12356818, upload-time = "2025-10-31T00:25:51.949Z" },
    { url = "https://files.pythonhosted.org/packages/ec/9b/506ec5b140c11d44a9a4f284ea7c14ebf6f8b01e6e8917734a3325bff787/ruff-0.14.3-py3-none-manylinux_2_17_armv7l.manylinux2014_armv7l.whl", hash = "sha256:cd6291d0061811c52b8e392f946889916757610d45d004e41140d81fb6cd5ddc", size = 12336745, upload-time = "2025-10-31T00:25:54.248Z" },
    { url = "https://files.pythonhosted.org/packages/c7/e1/c560d254048c147f35e7f8131d30bc1f63a008ac61595cf3078a3e93533d/ruff-0.14.3-py3-none-manylinux_2_17_i686.manylinux2014_i686.whl", hash = "sha256:a497ec0c3d2c88561b6d90f9c29f5ae68221ac00d471f306fa21fa4264ce5fcd", size = 13101684, upload-time = "2025-10-31T00:25:56.253Z" },
    { url = "https://files.pythonhosted.org/packages/a5/32/e310133f8af5cd11f8cc30f52522a3ebccc5ea5bff4b492f94faceaca7a8/ruff-0.14.3-py3-none-manylinux_2_17_ppc64.manylinux2014_ppc64.whl", hash = "sha256:e231e1be58fc568950a04fbe6887c8e4b85310e7889727e2b81db205c45059eb", size = 14535000, upload-time = "2025-10-31T00:25:58.397Z" },
    { url = "https://files.pythonhosted.org/packages/a2/a1/7b0470a22158c6d8501eabc5e9b6043c99bede40fa1994cadf6b5c2a61c7/ruff-0.14.3-py3-none-manylinux_2_17_ppc64le.manylinux2014_ppc64le.whl", hash = "sha256:469e35872a09c0e45fecf48dd960bfbce056b5db2d5e6b50eca329b4f853ae20", size = 14156450, upload-time = "2025-10-31T00:26:00.889Z" },
    { url = "https://files.pythonhosted.org/packages/0a/96/24bfd9d1a7f532b560dcee1a87096332e461354d3882124219bcaff65c09/ruff-0.14.3-py3-none-manylinux_2_17_s390x.manylinux2014_s390x.whl", hash = "sha256:3d6bc90307c469cb9d28b7cfad90aaa600b10d67c6e22026869f585e1e8a2db0", size = 13568414, upload-time = "2025-10-31T00:26:03.291Z" },
    { url = "https://files.pythonhosted.org/packages/a7/e7/138b883f0dfe4ad5b76b58bf4ae675f4d2176ac2b24bdd81b4d966b28c61/ruff-0.14.3-py3-none-manylinux_2_17_x86_64.manylinux2014_x86_64.whl", hash = "sha256:0e2f8a0bbcffcfd895df39c9a4ecd59bb80dca03dc43f7fb63e647ed176b741e", size = 13315293, upload-time = "2025-10-31T00:26:05.708Z" },
    { url = "https://files.pythonhosted.org/packages/33/f4/c09bb898be97b2eb18476b7c950df8815ef14cf956074177e9fbd40b7719/ruff-0.14.3-py3-none-manylinux_2_31_riscv64.whl", hash = "sha256:678fdd7c7d2d94851597c23ee6336d25f9930b460b55f8598e011b57c74fd8c5", size = 13539444, upload-time = "2025-10-31T00:26:08.09Z" },
    { url = "https://files.pythonhosted.org/packages/9c/aa/b30a1db25fc6128b1dd6ff0741fa4abf969ded161599d07ca7edd0739cc0/ruff-0.14.3-py3-none-musllinux_1_2_aarch64.whl", hash = "sha256:1ec1ac071e7e37e0221d2f2dbaf90897a988c531a8592a6a5959f0603a1ecf5e", size = 12252581, upload-time = "2025-10-31T00:26:10.297Z" },
    { url = "https://files.pythonhosted.org/packages/da/13/21096308f384d796ffe3f2960b17054110a9c3828d223ca540c2b7cc670b/ruff-0.14.3-py3-none-musllinux_1_2_armv7l.whl", hash = "sha256:afcdc4b5335ef440d19e7df9e8ae2ad9f749352190e96d481dc501b753f0733e", size = 12307503, upload-time = "2025-10-31T00:26:12.646Z" },
    { url = "https://files.pythonhosted.org/packages/cb/cc/a350bac23f03b7dbcde3c81b154706e80c6f16b06ff1ce28ed07dc7b07b0/ruff-0.14.3-py3-none-musllinux_1_2_i686.whl", hash = "sha256:7bfc42f81862749a7136267a343990f865e71fe2f99cf8d2958f684d23ce3dfa", size = 12675457, upload-time = "2025-10-31T00:26:15.044Z" },
    { url = "https://files.pythonhosted.org/packages/cb/76/46346029fa2f2078826bc88ef7167e8c198e58fe3126636e52f77488cbba/ruff-0.14.3-py3-none-musllinux_1_2_x86_64.whl", hash = "sha256:a65e448cfd7e9c59fae8cf37f9221585d3354febaad9a07f29158af1528e165f", size = 13403980, upload-time = "2025-10-31T00:26:17.81Z" },
    { url = "https://files.pythonhosted.org/packages/9f/a4/35f1ef68c4e7b236d4a5204e3669efdeefaef21f0ff6a456792b3d8be438/ruff-0.14.3-py3-none-win32.whl", hash = "sha256:f3d91857d023ba93e14ed2d462ab62c3428f9bbf2b4fbac50a03ca66d31991f7", size = 12500045, upload-time = "2025-10-31T00:26:20.503Z" },
    { url = "https://files.pythonhosted.org/packages/03/15/51960ae340823c9859fb60c63301d977308735403e2134e17d1d2858c7fb/ruff-0.14.3-py3-none-win_amd64.whl", hash = "sha256:d7b7006ac0756306db212fd37116cce2bd307e1e109375e1c6c106002df0ae5f", size = 13594005, upload-time = "2025-10-31T00:26:22.533Z" },
    { url = "https://files.pythonhosted.org/packages/b7/73/4de6579bac8e979fca0a77e54dec1f1e011a0d268165eb8a9bc0982a6564/ruff-0.14.3-py3-none-win_arm64.whl", hash = "sha256:26eb477ede6d399d898791d01961e16b86f02bc2486d0d1a7a9bb2379d055dc1", size = 12590017, upload-time = "2025-10-31T00:26:24.52Z" },
]

[[package]]
name = "shacl-rules"
version = "0.1.4"
source = { registry = "https://pypi.org/simple" }
dependencies = [
    { name = "click" },
    { name = "lark" },
    { name = "rdflib" },
    { name = "rich" },
    { name = "rich-click" },
]
sdist = { url = "https://files.pythonhosted.org/packages/0c/4d/d76166ef339253c9903aeb113b268387c5ea61d9ba0bf0b81c9058f0872f/shacl_rules-0.1.4.tar.gz", hash = "sha256:a7eed0e0d2586ea9dd6ca036abf6f9d6c5c2567bd0947af6c7da2dbe945dd151", size = 104914, upload-time = "2026-01-28T09:04:09.892Z" }
wheels = [
    { url = "https://files.pythonhosted.org/packages/35/1a/921bb8b6f029ad10d0a0448fdea740eb549883619cc7d8f8f4705c88426d/shacl_rules-0.1.4-py3-none-any.whl", hash = "sha256:87543e8938cbc143f0fb4eea9cd0a1666657065653a05122905258efa8f95471", size = 52647, upload-time = "2026-01-28T09:04:08.269Z" },
]

[[package]]
name = "shellingham"
version = "1.5.4"
source = { registry = "https://pypi.org/simple" }
sdist = { url = "https://files.pythonhosted.org/packages/58/15/8b3609fd3830ef7b27b655beb4b4e9c62313a4e8da8c676e142cc210d58e/shellingham-1.5.4.tar.gz", hash = "sha256:8dbca0739d487e5bd35ab3ca4b36e11c4078f3a234bfce294b0a0291363404de", size = 10310, upload-time = "2023-10-24T04:13:40.426Z" }
wheels = [
    { url = "https://files.pythonhosted.org/packages/e0/f9/0595336914c5619e5f28a1fb793285925a8cd4b432c9da0a987836c7f822/shellingham-1.5.4-py2.py3-none-any.whl", hash = "sha256:7ecfff8f2fd72616f7481040475a65b2bf8af90a56c89140852d1120324e8686", size = 9755, upload-time = "2023-10-24T04:13:38.866Z" },
]

[[package]]
name = "six"
version = "1.17.0"
source = { registry = "https://pypi.org/simple" }
sdist = { url = "https://files.pythonhosted.org/packages/94/e7/b2c673351809dca68a0e064b6af791aa332cf192da575fd474ed7d6f16a2/six-1.17.0.tar.gz", hash = "sha256:ff70335d468e7eb6ec65b95b99d3a2836546063f63acc5171de367e834932a81", size = 34031, upload-time = "2024-12-04T17:35:28.174Z" }
wheels = [
    { url = "https://files.pythonhosted.org/packages/b7/ce/149a00dd41f10bc29e5921b496af8b574d8413afcd5e30dfa0ed46c2cc5e/six-1.17.0-py2.py3-none-any.whl", hash = "sha256:4721f391ed90541fddacab5acf947aa0d3dc7d27b2e1e8eda2be8970586c3274", size = 11050, upload-time = "2024-12-04T17:35:26.475Z" },
]

[[package]]
name = "soupsieve"
version = "2.8.3"
source = { registry = "https://pypi.org/simple" }
sdist = { url = "https://files.pythonhosted.org/packages/7b/ae/2d9c981590ed9999a0d91755b47fc74f74de286b0f5cee14c9269041e6c4/soupsieve-2.8.3.tar.gz", hash = "sha256:3267f1eeea4251fb42728b6dfb746edc9acaffc4a45b27e19450b676586e8349", size = 118627, upload-time = "2026-01-20T04:27:02.457Z" }
wheels = [
    { url = "https://files.pythonhosted.org/packages/46/2c/1462b1d0a634697ae9e55b3cecdcb64788e8b7d63f54d923fcd0bb140aed/soupsieve-2.8.3-py3-none-any.whl", hash = "sha256:ed64f2ba4eebeab06cc4962affce381647455978ffc1e36bb79a545b91f45a95", size = 37016, upload-time = "2026-01-20T04:27:01.012Z" },
]

[[package]]
name = "sparqlkit"
version = "0.4.1"
source = { registry = "https://pypi.org/simple" }
dependencies = [
    { name = "lark" },
]
sdist = { url = "https://files.pythonhosted.org/packages/bb/8f/48475950a74a6188affc3449d7b3d3a554a53838280f702349cd4e803618/sparqlkit-0.4.1.tar.gz", hash = "sha256:0018e4c200348c6a4f28a60ad8bb6fdc18db985b7f762cf4280904c18ba210be", size = 142853, upload-time = "2026-01-26T14:11:56.195Z" }
wheels = [
    { url = "https://files.pythonhosted.org/packages/53/96/4bc511a564db0797ddb7fb06b80d8e0c9d9f5bc4daaca0c56fb377064d2a/sparqlkit-0.4.1-py3-none-any.whl", hash = "sha256:680820029dbe39edf0f099b01580e78819d6cbabf09a7fc2ac81e88b2af6ae62", size = 32562, upload-time = "2026-01-26T14:11:55.18Z" },
]

[[package]]
name = "tqdm"
version = "4.67.3"
source = { registry = "https://pypi.org/simple" }
dependencies = [
    { name = "colorama", marker = "sys_platform == 'win32'" },
]
sdist = { url = "https://files.pythonhosted.org/packages/09/a9/6ba95a270c6f1fbcd8dac228323f2777d886cb206987444e4bce66338dd4/tqdm-4.67.3.tar.gz", hash = "sha256:7d825f03f89244ef73f1d4ce193cb1774a8179fd96f31d7e1dcde62092b960bb", size = 169598, upload-time = "2026-02-03T17:35:53.048Z" }
wheels = [
    { url = "https://files.pythonhosted.org/packages/16/e1/3079a9ff9b8e11b846c6ac5c8b5bfb7ff225eee721825310c91b3b50304f/tqdm-4.67.3-py3-none-any.whl", hash = "sha256:ee1e4c0e59148062281c49d80b25b67771a127c85fc9676d3be5f243206826bf", size = 78374, upload-time = "2026-02-03T17:35:50.982Z" },
]

[[package]]
name = "typer"
version = "0.24.1"
source = { registry = "https://pypi.org/simple" }
dependencies = [
    { name = "annotated-doc" },
    { name = "click" },
    { name = "rich" },
    { name = "shellingham" },
]
sdist = { url = "https://files.pythonhosted.org/packages/f5/24/cb09efec5cc954f7f9b930bf8279447d24618bb6758d4f6adf2574c41780/typer-0.24.1.tar.gz", hash = "sha256:e39b4732d65fbdcde189ae76cf7cd48aeae72919dea1fdfc16593be016256b45", size = 118613, upload-time = "2026-02-21T16:54:40.609Z" }
wheels = [
    { url = "https://files.pythonhosted.org/packages/4a/91/48db081e7a63bb37284f9fbcefda7c44c277b18b0e13fbc36ea2335b71e6/typer-0.24.1-py3-none-any.whl", hash = "sha256:112c1f0ce578bfb4cab9ffdabc68f031416ebcc216536611ba21f04e9aa84c9e", size = 56085, upload-time = "2026-02-21T16:54:41.616Z" },
]

[[package]]
name = "typing-extensions"
version = "4.15.0"
source = { registry = "https://pypi.org/simple" }
sdist = { url = "https://files.pythonhosted.org/packages/72/94/1a15dd82efb362ac84269196e94cf00f187f7ed21c242792a923cdb1c61f/typing_extensions-4.15.0.tar.gz", hash = "sha256:0cea48d173cc12fa28ecabc3b837ea3cf6f38c6d1136f85cbaaf598984861466", size = 109391, upload-time = "2025-08-25T13:49:26.313Z" }
wheels = [
    { url = "https://files.pythonhosted.org/packages/18/67/36e9267722cc04a6b9f15c7f3441c2363321a3ea07da7ae0c0707beb2a9c/typing_extensions-4.15.0-py3-none-any.whl", hash = "sha256:f0fa19c6845758ab08074a0cfa8b7aecb71c999ca73d62883bc25cc018c4e548", size = 44614, upload-time = "2025-08-25T13:49:24.86Z" },
]

[[package]]
name = "validators"
version = "0.35.0"
source = { registry = "https://pypi.org/simple" }
sdist = { url = "https://files.pythonhosted.org/packages/53/66/a435d9ae49850b2f071f7ebd8119dd4e84872b01630d6736761e6e7fd847/validators-0.35.0.tar.gz", hash = "sha256:992d6c48a4e77c81f1b4daba10d16c3a9bb0dbb79b3a19ea847ff0928e70497a", size = 73399, upload-time = "2025-05-01T05:42:06.7Z" }
wheels = [
    { url = "https://files.pythonhosted.org/packages/fa/6e/3e955517e22cbdd565f2f8b2e73d52528b14b8bcfdb04f62466b071de847/validators-0.35.0-py3-none-any.whl", hash = "sha256:e8c947097eae7892cb3d26868d637f79f47b4a0554bc6b80065dfe5aac3705dd", size = 44712, upload-time = "2025-05-01T05:42:04.203Z" },
]

[[package]]
name = "wcwidth"
version = "0.6.0"
source = { registry = "https://pypi.org/simple" }
sdist = { url = "https://files.pythonhosted.org/packages/35/a2/8e3becb46433538a38726c948d3399905a4c7cabd0df578ede5dc51f0ec2/wcwidth-0.6.0.tar.gz", hash = "sha256:cdc4e4262d6ef9a1a57e018384cbeb1208d8abbc64176027e2c2455c81313159", size = 159684, upload-time = "2026-02-06T19:19:40.919Z" }
wheels = [
    { url = "https://files.pythonhosted.org/packages/68/5a/199c59e0a824a3db2b89c5d2dade7ab5f9624dbf6448dc291b46d5ec94d3/wcwidth-0.6.0-py3-none-any.whl", hash = "sha256:1a3a1e510b553315f8e146c54764f4fb6264ffad731b3d78088cdb1478ffbdad", size = 94189, upload-time = "2026-02-06T19:19:39.646Z" },
]

[[package]]
name = "webencodings"
version = "0.5.1"
source = { registry = "https://pypi.org/simple" }
sdist = { url = "https://files.pythonhosted.org/packages/0b/02/ae6ceac1baeda530866a85075641cec12989bd8d31af6d5ab4a3e8c92f47/webencodings-0.5.1.tar.gz", hash = "sha256:b36a1c245f2d304965eb4e0a82848379241dc04b865afcc4aab16748587e1923", size = 9721, upload-time = "2017-04-05T20:21:34.189Z" }
wheels = [
    { url = "https://files.pythonhosted.org/packages/f4/24/2a3e3df732393fed8b3ebf2ec078f05546de641fe1b667ee316ec1dcf3b7/webencodings-0.5.1-py2.py3-none-any.whl", hash = "sha256:a0af1213f3c2226497a97e2b3aa01a7e4bee4f403f95be16fc9acd2947514a78", size = 11774, upload-time = "2017-04-05T20:21:32.581Z" },
]
